// !$*UTF8*$!
{
	archiveVersion = 1;
	classes = {
	};
	objectVersion = 46;
	objects = {

/* Begin PBXBuildFile section */
		005e77ffda7fc26a39806fb2e7a0b703 /* ofxMtlMapping2DPolygon.cpp in Sources */ = {isa = PBXBuildFile; fileRef = ff3587fe156ada22a38c70b71599c0c4 /* ofxMtlMapping2DPolygon.cpp */; };
		04c82720b149ce576b8cbb06ac6d40d2 /* ofxUIToggle.cpp in Sources */ = {isa = PBXBuildFile; fileRef = 48cccea0c681de8b4945111ba096c2ee /* ofxUIToggle.cpp */; };
		084025da517d8329301fe1b62b99dfa0 /* ofxUIEventArgs.cpp in Sources */ = {isa = PBXBuildFile; fileRef = a8896ac3becaaa504e3828f42f9f8d48 /* ofxUIEventArgs.cpp */; };
		1587708e3cac72997e43504ee41595b3 /* ofxUIRangeSlider.cpp in Sources */ = {isa = PBXBuildFile; fileRef = e2813e36cefd8d1c1b70e600d08da67d /* ofxUIRangeSlider.cpp */; };
		1daac3fb4b98b08ae63f46877fad709d /* ofxUISuperCanvas.cpp in Sources */ = {isa = PBXBuildFile; fileRef = 38ebd5650a3bf5a499b07525be5fdbc6 /* ofxUISuperCanvas.cpp */; };
		22030cbdcc25d815e7ed6757c2507f08 /* ofxUIFPSSlider.cpp in Sources */ = {isa = PBXBuildFile; fileRef = 7e7e592342d8b7fb73a6f64d2206898f /* ofxUIFPSSlider.cpp */; };
		222c3ab10fa3158602718602300bb16f /* ofxUIMultiImageButton.cpp in Sources */ = {isa = PBXBuildFile; fileRef = 17e06821fb98542fdb806e5097492a6c /* ofxUIMultiImageButton.cpp */; };
		26874b150c8535aea0f24c8cd56cf117 /* ofxUIImageSlider.cpp in Sources */ = {isa = PBXBuildFile; fileRef = 2689c5c8a97002c218125f2fe1675282 /* ofxUIImageSlider.cpp */; };
		28f33f9a5b5654107019e0c925590487 /* ofxMtlMapping2DMask.cpp in Sources */ = {isa = PBXBuildFile; fileRef = 202458f4516c6d146b56c5525c71a2c5 /* ofxMtlMapping2DMask.cpp */; };
		31916620a6066b8e28601e602baa2d86 /* ofxMtlMapping2DShapes.cpp in Sources */ = {isa = PBXBuildFile; fileRef = 958fdb71f0a82edc91b68535096fa21c /* ofxMtlMapping2DShapes.cpp */; };
		3244e5049d3dacbe7b2a8e30af95389b /* ofxMtlMapping2DShape.cpp in Sources */ = {isa = PBXBuildFile; fileRef = dcc6ff81c73171d478e61a4f5d058e70 /* ofxMtlMapping2DShape.cpp */; };
		3d4ea8e172d3e4a30fefa969797f0789 /* ofxUIImage.cpp in Sources */ = {isa = PBXBuildFile; fileRef = 938f5a098a216b403906129cc0e18a64 /* ofxUIImage.cpp */; };
		42c085d818a6a913503322f3a6a608a5 /* ofxMtlMapping2DTriangle.cpp in Sources */ = {isa = PBXBuildFile; fileRef = fcdc14fc3a528501f6c2ca59cd45b594 /* ofxMtlMapping2DTriangle.cpp */; };
		43badbb2fe0f17d34b57a705622bd4a2 /* ofxUIScrollableCanvas.cpp in Sources */ = {isa = PBXBuildFile; fileRef = bfd3387aa9efa53e1b4f087b3fdfa1d3 /* ofxUIScrollableCanvas.cpp */; };
		4741a6add41744b30cbb5f4a95457aab /* ofxMtlMapping2DSettings.cpp in Sources */ = {isa = PBXBuildFile; fileRef = 43fafb49740e75cba41938da01fbde58 /* ofxMtlMapping2DSettings.cpp */; };
		4b3ed367ca852d522e2ee996fd98484a /* ofxUI2DPad.cpp in Sources */ = {isa = PBXBuildFile; fileRef = 1553d7111bcbe7834bcc0784d535c378 /* ofxUI2DPad.cpp */; };
		52aff80a869790144accc9baec2cfca4 /* ofxUISpectrum.cpp in Sources */ = {isa = PBXBuildFile; fileRef = d7177cc1e771e1e857f8cb485d6d543e /* ofxUISpectrum.cpp */; };
		59c5f2f5d7254c33c00f97cb71034643 /* ofxUIRectangle.cpp in Sources */ = {isa = PBXBuildFile; fileRef = 828edf7f6c239ea7b17f32f0246ea989 /* ofxUIRectangle.cpp */; };
		5a4349e9754d6fa14c0f2a3a1abc30b6 /* tinyxmlparser.cpp in Sources */ = {isa = PBXBuildFile; fileRef = fc5da1c87211d4f6377da7199d8c5a1e /* tinyxmlparser.cpp */; };
		5a66da34169be06662283b1783d84fd8 /* ofxDetectDisplays.cpp in Sources */ = {isa = PBXBuildFile; fileRef = 99296d8ef816b29c0b1142de7ada5a38 /* ofxDetectDisplays.cpp */; };
		5ae95adb5549701423b6da481fb20e6f /* ofxUITabBar.cpp in Sources */ = {isa = PBXBuildFile; fileRef = a64b8aa7481267cd4a76c16bbdb9a1c8 /* ofxUITabBar.cpp */; };
		60012c723b05938a3d38833536981664 /* ofxUIValuePlotter.cpp in Sources */ = {isa = PBXBuildFile; fileRef = 4d902d60e5ccfa9f2554bc7ce6624120 /* ofxUIValuePlotter.cpp */; };
		63b57ac5bf4ef088491e0317dbb2ecaa /* ofxXmlSettings.cpp in Sources */ = {isa = PBXBuildFile; fileRef = 50df87d612c5aae17aafa6c02c6bc570 /* ofxXmlSettings.cpp */; };
		7252706da14c1be63950adda6d4d0967 /* ofxUIFPS.cpp in Sources */ = {isa = PBXBuildFile; fileRef = feb61645ef9120f5bacb7462a91bd7ca /* ofxUIFPS.cpp */; };
		740a58cbfdfe578c83a349afda24a0fe /* ofxUISlider.cpp in Sources */ = {isa = PBXBuildFile; fileRef = 0de8b77977749c1835a9472b57301c75 /* ofxUISlider.cpp */; };
		762009780d236f550729d23ba5b2cb3b /* ofxMtlMapping2DVertex.cpp in Sources */ = {isa = PBXBuildFile; fileRef = 8a2aaa1e89c19640753cb1806140fdf7 /* ofxMtlMapping2DVertex.cpp */; };
		7be46522b64e24faede1a25d93f6298e /* ofxUICanvas.cpp in Sources */ = {isa = PBXBuildFile; fileRef = e71733956cd601886837be2e3f1fef9a /* ofxUICanvas.cpp */; };
		7c3dc84c9bfcbd2866db2b6c92bca892 /* ofxUILabel.cpp in Sources */ = {isa = PBXBuildFile; fileRef = d7d83ef74fc7508d9146fa6305958d5f /* ofxUILabel.cpp */; };
		7d393646fb859a930ef589179728182f /* ofxUIButton.cpp in Sources */ = {isa = PBXBuildFile; fileRef = 8f8238006e98a8e39851968cef4aa2cb /* ofxUIButton.cpp */; };
		7f2cd93f681f3c1547b3bf2cda37f2c3 /* ofxUIImageButton.cpp in Sources */ = {isa = PBXBuildFile; fileRef = e6280b5fa1cea20450916e495ca1eb89 /* ofxUIImageButton.cpp */; };
		82845e1f8c90e1f5a99d98683a1ff0c2 /* ofxUIWidget.cpp in Sources */ = {isa = PBXBuildFile; fileRef = 08a9c84b3ca68561be01ff374b226dde /* ofxUIWidget.cpp */; };
		933a2227713c720ceff80fd967d0a8ee /* tinyxml.cpp in Sources */ = {isa = PBXBuildFile; fileRef = 2b40eda85beb63e46785bc299a638898 /* tinyxml.cpp */; };
		97a4b157e763fe5e0f238536f45babb0 /* ofxMtlMapping2DControls.cpp in Sources */ = {isa = PBXBuildFile; fileRef = 176127482f190aa1aebcc93cc0993a0b /* ofxMtlMapping2DControls.cpp */; };
		9a83d1b3fb64456bc907667ffbe9b65f /* ofxUIMinimalSlider.cpp in Sources */ = {isa = PBXBuildFile; fileRef = 2be7216430113f333b8351edf98dc767 /* ofxUIMinimalSlider.cpp */; };
		9be4ae0aa2b8c436bdfe9d4d6ad0b03d /* ofxUIDragableLabelButton.cpp in Sources */ = {isa = PBXBuildFile; fileRef = ffd5d3c9d38e29db72b322542692992b /* ofxUIDragableLabelButton.cpp */; };
		9c42fe6e95b76670a0f08d5fe6c1d5c2 /* ofxMtlMapping2DQuad.cpp in Sources */ = {isa = PBXBuildFile; fileRef = 1bfcc838504e3b231ce3db275e07e5d7 /* ofxMtlMapping2DQuad.cpp */; };
		9d44dc88ef9e7991b4a09951e2e4769f /* tinyxmlerror.cpp in Sources */ = {isa = PBXBuildFile; fileRef = 832bdc407620cdba568b713d2252c43c /* tinyxmlerror.cpp */; };
		9f5c6dd965b4f3a6db5b88f87eccedae /* ofxUI2DGraph.cpp in Sources */ = {isa = PBXBuildFile; fileRef = 02ff3b8d243cfb85ae0909eb3b41abb8 /* ofxUI2DGraph.cpp */; };
		BBAB23CB13894F3D00AA2426 /* GLUT.framework in CopyFiles */ = {isa = PBXBuildFile; fileRef = BBAB23BE13894E4700AA2426 /* GLUT.framework */; };
		E4328149138ABC9F0047C5CB /* openFrameworksDebug.a in Frameworks */ = {isa = PBXBuildFile; fileRef = E4328148138ABC890047C5CB /* openFrameworksDebug.a */; };
		E45BE97B0E8CC7DD009D7055 /* AGL.framework in Frameworks */ = {isa = PBXBuildFile; fileRef = E45BE9710E8CC7DD009D7055 /* AGL.framework */; };
		E45BE97C0E8CC7DD009D7055 /* ApplicationServices.framework in Frameworks */ = {isa = PBXBuildFile; fileRef = E45BE9720E8CC7DD009D7055 /* ApplicationServices.framework */; };
		E45BE97D0E8CC7DD009D7055 /* AudioToolbox.framework in Frameworks */ = {isa = PBXBuildFile; fileRef = E45BE9730E8CC7DD009D7055 /* AudioToolbox.framework */; };
		E45BE97E0E8CC7DD009D7055 /* Carbon.framework in Frameworks */ = {isa = PBXBuildFile; fileRef = E45BE9740E8CC7DD009D7055 /* Carbon.framework */; };
		E45BE97F0E8CC7DD009D7055 /* CoreAudio.framework in Frameworks */ = {isa = PBXBuildFile; fileRef = E45BE9750E8CC7DD009D7055 /* CoreAudio.framework */; };
		E45BE9800E8CC7DD009D7055 /* CoreFoundation.framework in Frameworks */ = {isa = PBXBuildFile; fileRef = E45BE9760E8CC7DD009D7055 /* CoreFoundation.framework */; };
		E45BE9810E8CC7DD009D7055 /* CoreServices.framework in Frameworks */ = {isa = PBXBuildFile; fileRef = E45BE9770E8CC7DD009D7055 /* CoreServices.framework */; };
		E45BE9830E8CC7DD009D7055 /* OpenGL.framework in Frameworks */ = {isa = PBXBuildFile; fileRef = E45BE9790E8CC7DD009D7055 /* OpenGL.framework */; };
		E45BE9840E8CC7DD009D7055 /* QuickTime.framework in Frameworks */ = {isa = PBXBuildFile; fileRef = E45BE97A0E8CC7DD009D7055 /* QuickTime.framework */; };
		E4B69E200A3A1BDC003C02F2 /* main.cpp in Sources */ = {isa = PBXBuildFile; fileRef = E4B69E1D0A3A1BDC003C02F2 /* main.cpp */; };
		E4B69E210A3A1BDC003C02F2 /* ofApp.cpp in Sources */ = {isa = PBXBuildFile; fileRef = E4B69E1E0A3A1BDC003C02F2 /* ofApp.cpp */; };
		E4C2424710CC5A17004149E2 /* AppKit.framework in Frameworks */ = {isa = PBXBuildFile; fileRef = E4C2424410CC5A17004149E2 /* AppKit.framework */; };
		E4C2424810CC5A17004149E2 /* Cocoa.framework in Frameworks */ = {isa = PBXBuildFile; fileRef = E4C2424510CC5A17004149E2 /* Cocoa.framework */; };
		E4C2424910CC5A17004149E2 /* IOKit.framework in Frameworks */ = {isa = PBXBuildFile; fileRef = E4C2424610CC5A17004149E2 /* IOKit.framework */; };
		E4EB6799138ADC1D00A09F29 /* GLUT.framework in Frameworks */ = {isa = PBXBuildFile; fileRef = BBAB23BE13894E4700AA2426 /* GLUT.framework */; };
		E7E077E515D3B63C0020DFD4 /* CoreVideo.framework in Frameworks */ = {isa = PBXBuildFile; fileRef = E7E077E415D3B63C0020DFD4 /* CoreVideo.framework */; };
		E7E077E815D3B6510020DFD4 /* QTKit.framework in Frameworks */ = {isa = PBXBuildFile; fileRef = E7E077E715D3B6510020DFD4 /* QTKit.framework */; };
		E7F985F815E0DEA3003869B5 /* Accelerate.framework in Frameworks */ = {isa = PBXBuildFile; fileRef = E7F985F515E0DE99003869B5 /* Accelerate.framework */; };
		F3163BEE19018F7700940C04 /* Syphon.framework in Frameworks */ = {isa = PBXBuildFile; fileRef = F3163BDD19018F7700940C04 /* Syphon.framework */; };
		F3163BEF19018F7700940C04 /* SyphonNameboundClient.m in Sources */ = {isa = PBXBuildFile; fileRef = F3163BE019018F7700940C04 /* SyphonNameboundClient.m */; };
		F3163BF019018F7700940C04 /* ofxSyphonClient.mm in Sources */ = {isa = PBXBuildFile; fileRef = F3163BE519018F7700940C04 /* ofxSyphonClient.mm */; };
		F3163BF119018F7700940C04 /* ofxSyphonServer.mm in Sources */ = {isa = PBXBuildFile; fileRef = F3163BE719018F7700940C04 /* ofxSyphonServer.mm */; };
		F3163BF219018F7700940C04 /* ofxSyphonServerDirectory.mm in Sources */ = {isa = PBXBuildFile; fileRef = F3163BE919018F7700940C04 /* ofxSyphonServerDirectory.mm */; };
		F3163BF91901907D00940C04 /* Syphon.framework in CopyFiles */ = {isa = PBXBuildFile; fileRef = F3163BDD19018F7700940C04 /* Syphon.framework */; };
		F37CE366190BFC8F008ECCE9 /* ofxAVFVideoPlayer.mm in Sources */ = {isa = PBXBuildFile; fileRef = F37CE35D190BFC8F008ECCE9 /* ofxAVFVideoPlayer.mm */; };
		F37CE367190BFC8F008ECCE9 /* ofxAVFVideoRenderer.m in Sources */ = {isa = PBXBuildFile; fileRef = F37CE35F190BFC8F008ECCE9 /* ofxAVFVideoRenderer.m */; };
		F37CE36F190C09EE008ECCE9 /* CoreMedia.framework in Frameworks */ = {isa = PBXBuildFile; fileRef = F37CE36E190C09EE008ECCE9 /* CoreMedia.framework */; };
		F37CE371190C0A00008ECCE9 /* QuartzCore.framework in Frameworks */ = {isa = PBXBuildFile; fileRef = F37CE370190C0A00008ECCE9 /* QuartzCore.framework */; };
		F37CE373190C0A0D008ECCE9 /* AVFoundation.framework in Frameworks */ = {isa = PBXBuildFile; fileRef = F37CE372190C0A0D008ECCE9 /* AVFoundation.framework */; };
		F3C7C78718CFADD2002DD9BE /* ofxMSAInteractiveObject.cpp in Sources */ = {isa = PBXBuildFile; fileRef = F3C7C78318CFADD2002DD9BE /* ofxMSAInteractiveObject.cpp */; };
		F3E9AD3F1954C2BA003BA1E8 /* ofxExtraWindow.cpp in Sources */ = {isa = PBXBuildFile; fileRef = F3E9AD3D1954C2BA003BA1E8 /* ofxExtraWindow.cpp */; };
		a00d8e59f7ee92552582023e953eedbc /* ofxMtlMapping2DGrid.cpp in Sources */ = {isa = PBXBuildFile; fileRef = d4a5e79c88fd78cd31f1797ec9684ff4 /* ofxMtlMapping2DGrid.cpp */; };
		a78c7afe06bfdeab8407ff2b1aad0a5a /* ofxMtlMapping2DGlobal.cpp in Sources */ = {isa = PBXBuildFile; fileRef = 5a51289d334d8a44e1d2c71bd6051a03 /* ofxMtlMapping2DGlobal.cpp */; };
		aa8d332b7c6c2bedc9d6629a06a55d9f /* ofxMtlMapping2D.cpp in Sources */ = {isa = PBXBuildFile; fileRef = 37a990a3683224be7d55a36e4698ac65 /* ofxMtlMapping2D.cpp */; };
		ade7c2afc51e3f7e5e3890264322a001 /* ofxUISortableList.cpp in Sources */ = {isa = PBXBuildFile; fileRef = 5613d5d24b00d8ad909f7e6a0160f199 /* ofxUISortableList.cpp */; };
		ae281bebf3a00f1fc37f3da0ac10fa4d /* ofxUIWaveform.cpp in Sources */ = {isa = PBXBuildFile; fileRef = 9345327aa463407b3dadbadea5cf2b5f /* ofxUIWaveform.cpp */; };
		b111be7d309d33d83e46510d2db12762 /* ofxMtlMapping2DInput.cpp in Sources */ = {isa = PBXBuildFile; fileRef = 4b872db9f219747b804991701c493ecc /* ofxMtlMapping2DInput.cpp */; };
		bfefce32dafe10a8eb519f6c334204d2 /* ofxUISpacer.cpp in Sources */ = {isa = PBXBuildFile; fileRef = 30cbaaec78a0e9ebbb10a05aaeee8f99 /* ofxUISpacer.cpp */; };
		c30b3a2a37f8f32ee73187189cd6fb94 /* ofxUILabelToggle.cpp in Sources */ = {isa = PBXBuildFile; fileRef = 76af3b44e0e2fa8bfbd5f5927acc0698 /* ofxUILabelToggle.cpp */; };
		c381f2b7cfd84c0e540eb4bc733a62e4 /* ofxUIBiLabelSlider.cpp in Sources */ = {isa = PBXBuildFile; fileRef = 876bba9542e267584885cad8532f5fd1 /* ofxUIBiLabelSlider.cpp */; };
		c961be22ab9a8ccf037fc18f5bdc5491 /* ofxUITextArea.cpp in Sources */ = {isa = PBXBuildFile; fileRef = dbe31d52bcb0ce44b9d154f0d7a8b9de /* ofxUITextArea.cpp */; };
		ce5d89b9893eaa12f511dcac13d6f351 /* ofxUIWidgetWithLabel.cpp in Sources */ = {isa = PBXBuildFile; fileRef = 5ad807d1af254f978ab20b1cf7773e39 /* ofxUIWidgetWithLabel.cpp */; };
		d60e54e7fd6e19bc8636e0d23de045dc /* ofxUIRadio.cpp in Sources */ = {isa = PBXBuildFile; fileRef = 9d33a3e929b0b5d9c002e30e1d0f5548 /* ofxUIRadio.cpp */; };
		df0c851b244c4c867cea8806a6cdddab /* ofxUICircleSlider.cpp in Sources */ = {isa = PBXBuildFile; fileRef = 2556100026b425e8370bcf75a9db1551 /* ofxUICircleSlider.cpp */; };
		e3a1109f67d711d6c256031e9b907021 /* ofxUIToggleMatrix.cpp in Sources */ = {isa = PBXBuildFile; fileRef = 702a2528ca64b397e9b91abe3b10c08c /* ofxUIToggleMatrix.cpp */; };
		e3d59a6b55f05669b3fbf8bdc16d4877 /* ofxUINumberDialer.cpp in Sources */ = {isa = PBXBuildFile; fileRef = 0d6768c572b6ca49227c29ea7210d799 /* ofxUINumberDialer.cpp */; };
		f1e8de8734ba6f69a5112fa8842e54b0 /* ofxUIBaseDraws.cpp in Sources */ = {isa = PBXBuildFile; fileRef = 28155024c27152a66926b55348408cdc /* ofxUIBaseDraws.cpp */; };
		f392a99d83698fc09912788025e19c5d /* ofxUIDropDownList.cpp in Sources */ = {isa = PBXBuildFile; fileRef = 31517a9d3d67d9c054954dc563974b2c /* ofxUIDropDownList.cpp */; };
		f440b307990f8f5ce40b91110219006d /* ofxUIMovingGraph.cpp in Sources */ = {isa = PBXBuildFile; fileRef = 7965ee214e4c332003852642d442b45e /* ofxUIMovingGraph.cpp */; };
		f8d05f7c7f785ce323983b47e137110b /* ofxUITextInput.cpp in Sources */ = {isa = PBXBuildFile; fileRef = 06c7032f68d99a145a53cb6f952b704c /* ofxUITextInput.cpp */; };
		f9c20834354acc8337320b8c62c659b1 /* ofxUIMultiImageToggle.cpp in Sources */ = {isa = PBXBuildFile; fileRef = 1c5ed4467dff0ac3482e936280e244e6 /* ofxUIMultiImageToggle.cpp */; };
		fb8aa9fa6535767be31806bc88df3167 /* ofxUIImageToggle.cpp in Sources */ = {isa = PBXBuildFile; fileRef = b848522cca3a75abd56752c9d02b1b7b /* ofxUIImageToggle.cpp */; };
		fbd0cd0afe3849c14e829caf7e0e3be7 /* ofxUIImageSampler.cpp in Sources */ = {isa = PBXBuildFile; fileRef = 8b5f60b902bffd95e99aab342d9d24ca /* ofxUIImageSampler.cpp */; };
		fe0f1db69accd163e9da2a15f72c9129 /* ofxUIRotarySlider.cpp in Sources */ = {isa = PBXBuildFile; fileRef = 64f3de24f191eced9dbe903c6eff78f1 /* ofxUIRotarySlider.cpp */; };
		ffd1ebfca24dfb4e4427b4fe929ae1ab /* ofxUILabelButton.cpp in Sources */ = {isa = PBXBuildFile; fileRef = f9a4454b00ccfd7265d3ca8528da420e /* ofxUILabelButton.cpp */; };
/* End PBXBuildFile section */

/* Begin PBXContainerItemProxy section */
		E4328147138ABC890047C5CB /* PBXContainerItemProxy */ = {
			isa = PBXContainerItemProxy;
			containerPortal = E4328143138ABC890047C5CB /* openFrameworksLib.xcodeproj */;
			proxyType = 2;
			remoteGlobalIDString = E4B27C1510CBEB8E00536013;
			remoteInfo = openFrameworks;
		};
		E4EEB9AB138B136A00A80321 /* PBXContainerItemProxy */ = {
			isa = PBXContainerItemProxy;
			containerPortal = E4328143138ABC890047C5CB /* openFrameworksLib.xcodeproj */;
			proxyType = 1;
			remoteGlobalIDString = E4B27C1410CBEB8E00536013;
			remoteInfo = openFrameworks;
		};
/* End PBXContainerItemProxy section */

/* Begin PBXCopyFilesBuildPhase section */
		E4C2427710CC5ABF004149E2 /* CopyFiles */ = {
			isa = PBXCopyFilesBuildPhase;
			buildActionMask = 2147483647;
			dstPath = "";
			dstSubfolderSpec = 10;
			files = (
				F3163BF91901907D00940C04 /* Syphon.framework in CopyFiles */,
				BBAB23CB13894F3D00AA2426 /* GLUT.framework in CopyFiles */,
			);
			runOnlyForDeploymentPostprocessing = 0;
		};
/* End PBXCopyFilesBuildPhase section */

/* Begin PBXFileReference section */
		01dcc0911400f9acf5b65578af4ec8f9 /* ofxXmlSettings.h */ = {isa = PBXFileReference; explicitFileType = sourcecode.c.h; fileEncoding = 30; name = ofxXmlSettings.h; path = ../../ofxXmlSettings/src/ofxXmlSettings.h; sourceTree = SOURCE_ROOT; };
		02677fa320d6c63b228a7562514b9d55 /* ofxUIWidgetWithLabel.h */ = {isa = PBXFileReference; explicitFileType = sourcecode.c.h; fileEncoding = 30; name = ofxUIWidgetWithLabel.h; path = ../../ofxUI/src/ofxUIWidgetWithLabel.h; sourceTree = SOURCE_ROOT; };
		02ff3b8d243cfb85ae0909eb3b41abb8 /* ofxUI2DGraph.cpp */ = {isa = PBXFileReference; explicitFileType = sourcecode.cpp.cpp; fileEncoding = 30; name = ofxUI2DGraph.cpp; path = ../../ofxUI/src/ofxUI2DGraph.cpp; sourceTree = SOURCE_ROOT; };
		03889ba1a5e9aa930ad27ed47f8a854c /* ofxMtlMapping2DShape.h */ = {isa = PBXFileReference; explicitFileType = sourcecode.c.h; fileEncoding = 30; name = ofxMtlMapping2DShape.h; path = ../src/shapes/ofxMtlMapping2DShape.h; sourceTree = SOURCE_ROOT; };
		06c7032f68d99a145a53cb6f952b704c /* ofxUITextInput.cpp */ = {isa = PBXFileReference; explicitFileType = sourcecode.cpp.cpp; fileEncoding = 30; name = ofxUITextInput.cpp; path = ../../ofxUI/src/ofxUITextInput.cpp; sourceTree = SOURCE_ROOT; };
		08a9c84b3ca68561be01ff374b226dde /* ofxUIWidget.cpp */ = {isa = PBXFileReference; explicitFileType = sourcecode.cpp.cpp; fileEncoding = 30; name = ofxUIWidget.cpp; path = ../../ofxUI/src/ofxUIWidget.cpp; sourceTree = SOURCE_ROOT; };
		0c826713b14ea935b4b5333dff2289db /* ofxMtlMapping2DSettings.h */ = {isa = PBXFileReference; explicitFileType = sourcecode.c.h; fileEncoding = 30; name = ofxMtlMapping2DSettings.h; path = ../src/settings/ofxMtlMapping2DSettings.h; sourceTree = SOURCE_ROOT; };
		0d6768c572b6ca49227c29ea7210d799 /* ofxUINumberDialer.cpp */ = {isa = PBXFileReference; explicitFileType = sourcecode.cpp.cpp; fileEncoding = 30; name = ofxUINumberDialer.cpp; path = ../../ofxUI/src/ofxUINumberDialer.cpp; sourceTree = SOURCE_ROOT; };
		0de8b77977749c1835a9472b57301c75 /* ofxUISlider.cpp */ = {isa = PBXFileReference; explicitFileType = sourcecode.cpp.cpp; fileEncoding = 30; name = ofxUISlider.cpp; path = ../../ofxUI/src/ofxUISlider.cpp; sourceTree = SOURCE_ROOT; };
		1553d7111bcbe7834bcc0784d535c378 /* ofxUI2DPad.cpp */ = {isa = PBXFileReference; explicitFileType = sourcecode.cpp.cpp; fileEncoding = 30; name = ofxUI2DPad.cpp; path = ../../ofxUI/src/ofxUI2DPad.cpp; sourceTree = SOURCE_ROOT; };
		15c99204ff4d8d72ad034b63f410265d /* ofxUINumberDialer.h */ = {isa = PBXFileReference; explicitFileType = sourcecode.c.h; fileEncoding = 30; name = ofxUINumberDialer.h; path = ../../ofxUI/src/ofxUINumberDialer.h; sourceTree = SOURCE_ROOT; };
		176127482f190aa1aebcc93cc0993a0b /* ofxMtlMapping2DControls.cpp */ = {isa = PBXFileReference; explicitFileType = sourcecode.cpp.cpp; fileEncoding = 30; name = ofxMtlMapping2DControls.cpp; path = ../src/controls/ofxMtlMapping2DControls.cpp; sourceTree = SOURCE_ROOT; };
		17e06821fb98542fdb806e5097492a6c /* ofxUIMultiImageButton.cpp */ = {isa = PBXFileReference; explicitFileType = sourcecode.cpp.cpp; fileEncoding = 30; name = ofxUIMultiImageButton.cpp; path = ../../ofxUI/src/ofxUIMultiImageButton.cpp; sourceTree = SOURCE_ROOT; };
		1902452f5e510a2dbc1e5bd6d62db983 /* ofxUIMultiImageToggle.h */ = {isa = PBXFileReference; explicitFileType = sourcecode.c.h; fileEncoding = 30; name = ofxUIMultiImageToggle.h; path = ../../ofxUI/src/ofxUIMultiImageToggle.h; sourceTree = SOURCE_ROOT; };
		197fe0ae44064a24814526c0d180b961 /* ofxDetectDisplays.h */ = {isa = PBXFileReference; explicitFileType = sourcecode.c.h; fileEncoding = 30; name = ofxDetectDisplays.h; path = ../../ofxDetectDisplays/src/ofxDetectDisplays.h; sourceTree = SOURCE_ROOT; };
		1bfcc838504e3b231ce3db275e07e5d7 /* ofxMtlMapping2DQuad.cpp */ = {isa = PBXFileReference; explicitFileType = sourcecode.cpp.cpp; fileEncoding = 30; name = ofxMtlMapping2DQuad.cpp; path = ../src/shapes/ofxMtlMapping2DQuad.cpp; sourceTree = SOURCE_ROOT; };
		1c43cdb79bf40ea7424b96804209f474 /* ofxUISuperCanvas.h */ = {isa = PBXFileReference; explicitFileType = sourcecode.c.h; fileEncoding = 30; name = ofxUISuperCanvas.h; path = ../../ofxUI/src/ofxUISuperCanvas.h; sourceTree = SOURCE_ROOT; };
		1c5ed4467dff0ac3482e936280e244e6 /* ofxUIMultiImageToggle.cpp */ = {isa = PBXFileReference; explicitFileType = sourcecode.cpp.cpp; fileEncoding = 30; name = ofxUIMultiImageToggle.cpp; path = ../../ofxUI/src/ofxUIMultiImageToggle.cpp; sourceTree = SOURCE_ROOT; };
		1e29c7e8c47e3e2db1c5876646df436b /* ofxUIRectangle.h */ = {isa = PBXFileReference; explicitFileType = sourcecode.c.h; fileEncoding = 30; name = ofxUIRectangle.h; path = ../../ofxUI/src/ofxUIRectangle.h; sourceTree = SOURCE_ROOT; };
		202458f4516c6d146b56c5525c71a2c5 /* ofxMtlMapping2DMask.cpp */ = {isa = PBXFileReference; explicitFileType = sourcecode.cpp.cpp; fileEncoding = 30; name = ofxMtlMapping2DMask.cpp; path = ../src/shapes/ofxMtlMapping2DMask.cpp; sourceTree = SOURCE_ROOT; };
		23fa31caea236b2c1e218497ca3dac86 /* ofxUIWidgets.h */ = {isa = PBXFileReference; explicitFileType = sourcecode.c.h; fileEncoding = 30; name = ofxUIWidgets.h; path = ../../ofxUI/src/ofxUIWidgets.h; sourceTree = SOURCE_ROOT; };
		2556100026b425e8370bcf75a9db1551 /* ofxUICircleSlider.cpp */ = {isa = PBXFileReference; explicitFileType = sourcecode.cpp.cpp; fileEncoding = 30; name = ofxUICircleSlider.cpp; path = ../../ofxUI/src/ofxUICircleSlider.cpp; sourceTree = SOURCE_ROOT; };
		2689c5c8a97002c218125f2fe1675282 /* ofxUIImageSlider.cpp */ = {isa = PBXFileReference; explicitFileType = sourcecode.cpp.cpp; fileEncoding = 30; name = ofxUIImageSlider.cpp; path = ../../ofxUI/src/ofxUIImageSlider.cpp; sourceTree = SOURCE_ROOT; };
		28155024c27152a66926b55348408cdc /* ofxUIBaseDraws.cpp */ = {isa = PBXFileReference; explicitFileType = sourcecode.cpp.cpp; fileEncoding = 30; name = ofxUIBaseDraws.cpp; path = ../../ofxUI/src/ofxUIBaseDraws.cpp; sourceTree = SOURCE_ROOT; };
		2b40eda85beb63e46785bc299a638898 /* tinyxml.cpp */ = {isa = PBXFileReference; explicitFileType = sourcecode.cpp.cpp; fileEncoding = 30; name = tinyxml.cpp; path = ../../ofxXmlSettings/libs/tinyxml.cpp; sourceTree = SOURCE_ROOT; };
		2be7216430113f333b8351edf98dc767 /* ofxUIMinimalSlider.cpp */ = {isa = PBXFileReference; explicitFileType = sourcecode.cpp.cpp; fileEncoding = 30; name = ofxUIMinimalSlider.cpp; path = ../../ofxUI/src/ofxUIMinimalSlider.cpp; sourceTree = SOURCE_ROOT; };
		2d394124f88f348aa4142dcfb64b4bd1 /* ofxUIImageToggle.h */ = {isa = PBXFileReference; explicitFileType = sourcecode.c.h; fileEncoding = 30; name = ofxUIImageToggle.h; path = ../../ofxUI/src/ofxUIImageToggle.h; sourceTree = SOURCE_ROOT; };
		2dd185513a2875ec8a07867018e8bd02 /* ofxUIBiLabelSlider.h */ = {isa = PBXFileReference; explicitFileType = sourcecode.c.h; fileEncoding = 30; name = ofxUIBiLabelSlider.h; path = ../../ofxUI/src/ofxUIBiLabelSlider.h; sourceTree = SOURCE_ROOT; };
		2f8c56d003a8cc1606be701c7b9abb97 /* ofxMtlMapping2DInput.h */ = {isa = PBXFileReference; explicitFileType = sourcecode.c.h; fileEncoding = 30; name = ofxMtlMapping2DInput.h; path = ../src/shapes/ofxMtlMapping2DInput.h; sourceTree = SOURCE_ROOT; };
		30cbaaec78a0e9ebbb10a05aaeee8f99 /* ofxUISpacer.cpp */ = {isa = PBXFileReference; explicitFileType = sourcecode.cpp.cpp; fileEncoding = 30; name = ofxUISpacer.cpp; path = ../../ofxUI/src/ofxUISpacer.cpp; sourceTree = SOURCE_ROOT; };
		31517a9d3d67d9c054954dc563974b2c /* ofxUIDropDownList.cpp */ = {isa = PBXFileReference; explicitFileType = sourcecode.cpp.cpp; fileEncoding = 30; name = ofxUIDropDownList.cpp; path = ../../ofxUI/src/ofxUIDropDownList.cpp; sourceTree = SOURCE_ROOT; };
		32bd050a579633adbca5af6b202f651b /* ofxUIWidget.h */ = {isa = PBXFileReference; explicitFileType = sourcecode.c.h; fileEncoding = 30; name = ofxUIWidget.h; path = ../../ofxUI/src/ofxUIWidget.h; sourceTree = SOURCE_ROOT; };
		334840ca6b3402c8c30cac4e645376bb /* ofxUIOFWrapper.h */ = {isa = PBXFileReference; explicitFileType = sourcecode.c.h; fileEncoding = 30; name = ofxUIOFWrapper.h; path = ../../ofxUI/src/ofxUIOFWrapper.h; sourceTree = SOURCE_ROOT; };
		37a990a3683224be7d55a36e4698ac65 /* ofxMtlMapping2D.cpp */ = {isa = PBXFileReference; explicitFileType = sourcecode.cpp.cpp; fileEncoding = 30; name = ofxMtlMapping2D.cpp; path = ../src/ofxMtlMapping2D.cpp; sourceTree = SOURCE_ROOT; };
		38ebd5650a3bf5a499b07525be5fdbc6 /* ofxUISuperCanvas.cpp */ = {isa = PBXFileReference; explicitFileType = sourcecode.cpp.cpp; fileEncoding = 30; name = ofxUISuperCanvas.cpp; path = ../../ofxUI/src/ofxUISuperCanvas.cpp; sourceTree = SOURCE_ROOT; };
		39560546b24488fd28f42f973690f18e /* ofxMtlMapping2DControls.h */ = {isa = PBXFileReference; explicitFileType = sourcecode.c.h; fileEncoding = 30; name = ofxMtlMapping2DControls.h; path = ../src/controls/ofxMtlMapping2DControls.h; sourceTree = SOURCE_ROOT; };
		3c9066fb257b904a547019eda3209785 /* ofxUIDragableLabelButton.h */ = {isa = PBXFileReference; explicitFileType = sourcecode.c.h; fileEncoding = 30; name = ofxUIDragableLabelButton.h; path = ../../ofxUI/src/ofxUIDragableLabelButton.h; sourceTree = SOURCE_ROOT; };
		4117b8c24d49837d3df9c23bd2405bdc /* ofxUIToggle.h */ = {isa = PBXFileReference; explicitFileType = sourcecode.c.h; fileEncoding = 30; name = ofxUIToggle.h; path = ../../ofxUI/src/ofxUIToggle.h; sourceTree = SOURCE_ROOT; };
		43fafb49740e75cba41938da01fbde58 /* ofxMtlMapping2DSettings.cpp */ = {isa = PBXFileReference; explicitFileType = sourcecode.cpp.cpp; fileEncoding = 30; name = ofxMtlMapping2DSettings.cpp; path = ../src/settings/ofxMtlMapping2DSettings.cpp; sourceTree = SOURCE_ROOT; };
		46a0531d7388bbcb22aa616b2cac6595 /* ofxMtlMapping2DShapeType.h */ = {isa = PBXFileReference; explicitFileType = sourcecode.c.h; fileEncoding = 30; name = ofxMtlMapping2DShapeType.h; path = ../src/ofxMtlMapping2DShapeType.h; sourceTree = SOURCE_ROOT; };
		470b5d2ac2f616d10b2e6025718527c8 /* ofxUISlider.h */ = {isa = PBXFileReference; explicitFileType = sourcecode.c.h; fileEncoding = 30; name = ofxUISlider.h; path = ../../ofxUI/src/ofxUISlider.h; sourceTree = SOURCE_ROOT; };
		48cccea0c681de8b4945111ba096c2ee /* ofxUIToggle.cpp */ = {isa = PBXFileReference; explicitFileType = sourcecode.cpp.cpp; fileEncoding = 30; name = ofxUIToggle.cpp; path = ../../ofxUI/src/ofxUIToggle.cpp; sourceTree = SOURCE_ROOT; };
		4aea0d08c3b0323fedc8d9749c9217ea /* ofxUIImageSampler.h */ = {isa = PBXFileReference; explicitFileType = sourcecode.c.h; fileEncoding = 30; name = ofxUIImageSampler.h; path = ../../ofxUI/src/ofxUIImageSampler.h; sourceTree = SOURCE_ROOT; };
		4b872db9f219747b804991701c493ecc /* ofxMtlMapping2DInput.cpp */ = {isa = PBXFileReference; explicitFileType = sourcecode.cpp.cpp; fileEncoding = 30; name = ofxMtlMapping2DInput.cpp; path = ../src/shapes/ofxMtlMapping2DInput.cpp; sourceTree = SOURCE_ROOT; };
		4c9b919b991b4e45bc5dc0dbf09c9904 /* ofxUIRadio.h */ = {isa = PBXFileReference; explicitFileType = sourcecode.c.h; fileEncoding = 30; name = ofxUIRadio.h; path = ../../ofxUI/src/ofxUIRadio.h; sourceTree = SOURCE_ROOT; };
		4d902d60e5ccfa9f2554bc7ce6624120 /* ofxUIValuePlotter.cpp */ = {isa = PBXFileReference; explicitFileType = sourcecode.cpp.cpp; fileEncoding = 30; name = ofxUIValuePlotter.cpp; path = ../../ofxUI/src/ofxUIValuePlotter.cpp; sourceTree = SOURCE_ROOT; };
		4ed7bc3af72f6be8f0917a303bedb573 /* ofxUIImage.h */ = {isa = PBXFileReference; explicitFileType = sourcecode.c.h; fileEncoding = 30; name = ofxUIImage.h; path = ../../ofxUI/src/ofxUIImage.h; sourceTree = SOURCE_ROOT; };
		4ff2f2d5a01ada37a9ade20fb41e7560 /* ofxUICanvas.h */ = {isa = PBXFileReference; explicitFileType = sourcecode.c.h; fileEncoding = 30; name = ofxUICanvas.h; path = ../../ofxUI/src/ofxUICanvas.h; sourceTree = SOURCE_ROOT; };
		50df87d612c5aae17aafa6c02c6bc570 /* ofxXmlSettings.cpp */ = {isa = PBXFileReference; explicitFileType = sourcecode.cpp.cpp; fileEncoding = 30; name = ofxXmlSettings.cpp; path = ../../ofxXmlSettings/src/ofxXmlSettings.cpp; sourceTree = SOURCE_ROOT; };
		513de36722504290550c47ecf743a988 /* ofxMtlMapping2D.h */ = {isa = PBXFileReference; explicitFileType = sourcecode.c.h; fileEncoding = 30; name = ofxMtlMapping2D.h; path = ../src/ofxMtlMapping2D.h; sourceTree = SOURCE_ROOT; };
		531d8d09739d338239967b3a215e9cfd /* ofxUIDropDownList.h */ = {isa = PBXFileReference; explicitFileType = sourcecode.c.h; fileEncoding = 30; name = ofxUIDropDownList.h; path = ../../ofxUI/src/ofxUIDropDownList.h; sourceTree = SOURCE_ROOT; };
		5613d5d24b00d8ad909f7e6a0160f199 /* ofxUISortableList.cpp */ = {isa = PBXFileReference; explicitFileType = sourcecode.cpp.cpp; fileEncoding = 30; name = ofxUISortableList.cpp; path = ../../ofxUI/src/ofxUISortableList.cpp; sourceTree = SOURCE_ROOT; };
		59c71eda6d646b09fa3b2de426440e62 /* ofxMtlMapping2DMask.h */ = {isa = PBXFileReference; explicitFileType = sourcecode.c.h; fileEncoding = 30; name = ofxMtlMapping2DMask.h; path = ../src/shapes/ofxMtlMapping2DMask.h; sourceTree = SOURCE_ROOT; };
		5a51289d334d8a44e1d2c71bd6051a03 /* ofxMtlMapping2DGlobal.cpp */ = {isa = PBXFileReference; explicitFileType = sourcecode.cpp.cpp; fileEncoding = 30; name = ofxMtlMapping2DGlobal.cpp; path = ../src/ofxMtlMapping2DGlobal.cpp; sourceTree = SOURCE_ROOT; };
		5ad807d1af254f978ab20b1cf7773e39 /* ofxUIWidgetWithLabel.cpp */ = {isa = PBXFileReference; explicitFileType = sourcecode.cpp.cpp; fileEncoding = 30; name = ofxUIWidgetWithLabel.cpp; path = ../../ofxUI/src/ofxUIWidgetWithLabel.cpp; sourceTree = SOURCE_ROOT; };
		5c48e3511951bb86fa9aa6420fa60cf9 /* ofxUIMovingGraph.h */ = {isa = PBXFileReference; explicitFileType = sourcecode.c.h; fileEncoding = 30; name = ofxUIMovingGraph.h; path = ../../ofxUI/src/ofxUIMovingGraph.h; sourceTree = SOURCE_ROOT; };
		5e3724794154b2902d9499c57de0aa41 /* ofxMtlMapping2DShapes.h */ = {isa = PBXFileReference; explicitFileType = sourcecode.c.h; fileEncoding = 30; name = ofxMtlMapping2DShapes.h; path = ../src/ofxMtlMapping2DShapes.h; sourceTree = SOURCE_ROOT; };
		5e62d62d32efca8d05ddad1ab8f9ce5d /* ofxUIWrapper.h */ = {isa = PBXFileReference; explicitFileType = sourcecode.c.h; fileEncoding = 30; name = ofxUIWrapper.h; path = ../../ofxUI/src/ofxUIWrapper.h; sourceTree = SOURCE_ROOT; };
		6248640c06b47042bb5bd3f21e730c74 /* ofxUILabelToggle.h */ = {isa = PBXFileReference; explicitFileType = sourcecode.c.h; fileEncoding = 30; name = ofxUILabelToggle.h; path = ../../ofxUI/src/ofxUILabelToggle.h; sourceTree = SOURCE_ROOT; };
		64c6f7ad018ffd34c7abb6f2a2c0cec0 /* ofxUI.h */ = {isa = PBXFileReference; explicitFileType = sourcecode.c.h; fileEncoding = 30; name = ofxUI.h; path = ../../ofxUI/src/ofxUI.h; sourceTree = SOURCE_ROOT; };
		64f3de24f191eced9dbe903c6eff78f1 /* ofxUIRotarySlider.cpp */ = {isa = PBXFileReference; explicitFileType = sourcecode.cpp.cpp; fileEncoding = 30; name = ofxUIRotarySlider.cpp; path = ../../ofxUI/src/ofxUIRotarySlider.cpp; sourceTree = SOURCE_ROOT; };
		653cfae31336daa04b1f15031ae14c2b /* ofxUI2DGraph.h */ = {isa = PBXFileReference; explicitFileType = sourcecode.c.h; fileEncoding = 30; name = ofxUI2DGraph.h; path = ../../ofxUI/src/ofxUI2DGraph.h; sourceTree = SOURCE_ROOT; };
		664d65407be633c038fa9498bcf62aa7 /* ofxUIFPSSlider.h */ = {isa = PBXFileReference; explicitFileType = sourcecode.c.h; fileEncoding = 30; name = ofxUIFPSSlider.h; path = ../../ofxUI/src/ofxUIFPSSlider.h; sourceTree = SOURCE_ROOT; };
		702a2528ca64b397e9b91abe3b10c08c /* ofxUIToggleMatrix.cpp */ = {isa = PBXFileReference; explicitFileType = sourcecode.cpp.cpp; fileEncoding = 30; name = ofxUIToggleMatrix.cpp; path = ../../ofxUI/src/ofxUIToggleMatrix.cpp; sourceTree = SOURCE_ROOT; };
		76af3b44e0e2fa8bfbd5f5927acc0698 /* ofxUILabelToggle.cpp */ = {isa = PBXFileReference; explicitFileType = sourcecode.cpp.cpp; fileEncoding = 30; name = ofxUILabelToggle.cpp; path = ../../ofxUI/src/ofxUILabelToggle.cpp; sourceTree = SOURCE_ROOT; };
		7965ee214e4c332003852642d442b45e /* ofxUIMovingGraph.cpp */ = {isa = PBXFileReference; explicitFileType = sourcecode.cpp.cpp; fileEncoding = 30; name = ofxUIMovingGraph.cpp; path = ../../ofxUI/src/ofxUIMovingGraph.cpp; sourceTree = SOURCE_ROOT; };
		7d33a68d03ebbb0a806f9ab267dc50cd /* ofxMtlMapping2DVertex.h */ = {isa = PBXFileReference; explicitFileType = sourcecode.c.h; fileEncoding = 30; name = ofxMtlMapping2DVertex.h; path = ../src/shapes/ofxMtlMapping2DVertex.h; sourceTree = SOURCE_ROOT; };
		7e7e592342d8b7fb73a6f64d2206898f /* ofxUIFPSSlider.cpp */ = {isa = PBXFileReference; explicitFileType = sourcecode.cpp.cpp; fileEncoding = 30; name = ofxUIFPSSlider.cpp; path = ../../ofxUI/src/ofxUIFPSSlider.cpp; sourceTree = SOURCE_ROOT; };
		8178eb9aa3c0268331af3af347ca9d15 /* ofxUIToggleMatrix.h */ = {isa = PBXFileReference; explicitFileType = sourcecode.c.h; fileEncoding = 30; name = ofxUIToggleMatrix.h; path = ../../ofxUI/src/ofxUIToggleMatrix.h; sourceTree = SOURCE_ROOT; };
		828edf7f6c239ea7b17f32f0246ea989 /* ofxUIRectangle.cpp */ = {isa = PBXFileReference; explicitFileType = sourcecode.cpp.cpp; fileEncoding = 30; name = ofxUIRectangle.cpp; path = ../../ofxUI/src/ofxUIRectangle.cpp; sourceTree = SOURCE_ROOT; };
		832bdc407620cdba568b713d2252c43c /* tinyxmlerror.cpp */ = {isa = PBXFileReference; explicitFileType = sourcecode.cpp.cpp; fileEncoding = 30; name = tinyxmlerror.cpp; path = ../../ofxXmlSettings/libs/tinyxmlerror.cpp; sourceTree = SOURCE_ROOT; };
		856bf5ab0322d0689ee63829f6f27a37 /* ofxUIRangeSlider.h */ = {isa = PBXFileReference; explicitFileType = sourcecode.c.h; fileEncoding = 30; name = ofxUIRangeSlider.h; path = ../../ofxUI/src/ofxUIRangeSlider.h; sourceTree = SOURCE_ROOT; };
		87035efe3d4427294d4d133810790c85 /* ofxUIUtils.h */ = {isa = PBXFileReference; explicitFileType = sourcecode.c.h; fileEncoding = 30; name = ofxUIUtils.h; path = ../../ofxUI/src/ofxUIUtils.h; sourceTree = SOURCE_ROOT; };
		876bba9542e267584885cad8532f5fd1 /* ofxUIBiLabelSlider.cpp */ = {isa = PBXFileReference; explicitFileType = sourcecode.cpp.cpp; fileEncoding = 30; name = ofxUIBiLabelSlider.cpp; path = ../../ofxUI/src/ofxUIBiLabelSlider.cpp; sourceTree = SOURCE_ROOT; };
		885850b62fad08eb1d2f0bf4a56e5e01 /* ofxUIRotarySlider.h */ = {isa = PBXFileReference; explicitFileType = sourcecode.c.h; fileEncoding = 30; name = ofxUIRotarySlider.h; path = ../../ofxUI/src/ofxUIRotarySlider.h; sourceTree = SOURCE_ROOT; };
		8a2aaa1e89c19640753cb1806140fdf7 /* ofxMtlMapping2DVertex.cpp */ = {isa = PBXFileReference; explicitFileType = sourcecode.cpp.cpp; fileEncoding = 30; name = ofxMtlMapping2DVertex.cpp; path = ../src/shapes/ofxMtlMapping2DVertex.cpp; sourceTree = SOURCE_ROOT; };
		8b5f60b902bffd95e99aab342d9d24ca /* ofxUIImageSampler.cpp */ = {isa = PBXFileReference; explicitFileType = sourcecode.cpp.cpp; fileEncoding = 30; name = ofxUIImageSampler.cpp; path = ../../ofxUI/src/ofxUIImageSampler.cpp; sourceTree = SOURCE_ROOT; };
		8dc165ab0b61c0f02769b779e01ef226 /* homography.h */ = {isa = PBXFileReference; explicitFileType = sourcecode.c.h; fileEncoding = 30; name = homography.h; path = ../src/utils/homography/homography.h; sourceTree = SOURCE_ROOT; };
		8f8238006e98a8e39851968cef4aa2cb /* ofxUIButton.cpp */ = {isa = PBXFileReference; explicitFileType = sourcecode.cpp.cpp; fileEncoding = 30; name = ofxUIButton.cpp; path = ../../ofxUI/src/ofxUIButton.cpp; sourceTree = SOURCE_ROOT; };
		9345327aa463407b3dadbadea5cf2b5f /* ofxUIWaveform.cpp */ = {isa = PBXFileReference; explicitFileType = sourcecode.cpp.cpp; fileEncoding = 30; name = ofxUIWaveform.cpp; path = ../../ofxUI/src/ofxUIWaveform.cpp; sourceTree = SOURCE_ROOT; };
		938f5a098a216b403906129cc0e18a64 /* ofxUIImage.cpp */ = {isa = PBXFileReference; explicitFileType = sourcecode.cpp.cpp; fileEncoding = 30; name = ofxUIImage.cpp; path = ../../ofxUI/src/ofxUIImage.cpp; sourceTree = SOURCE_ROOT; };
		958fdb71f0a82edc91b68535096fa21c /* ofxMtlMapping2DShapes.cpp */ = {isa = PBXFileReference; explicitFileType = sourcecode.cpp.cpp; fileEncoding = 30; name = ofxMtlMapping2DShapes.cpp; path = ../src/ofxMtlMapping2DShapes.cpp; sourceTree = SOURCE_ROOT; };
		961de8b564ef22e65c9480ae3fc5936a /* ofxUI2DPad.h */ = {isa = PBXFileReference; explicitFileType = sourcecode.c.h; fileEncoding = 30; name = ofxUI2DPad.h; path = ../../ofxUI/src/ofxUI2DPad.h; sourceTree = SOURCE_ROOT; };
		962e2f993e40df070654cc5b646f555b /* ofxMtlMapping2DPolygon.h */ = {isa = PBXFileReference; explicitFileType = sourcecode.c.h; fileEncoding = 30; name = ofxMtlMapping2DPolygon.h; path = ../src/shapes/ofxMtlMapping2DPolygon.h; sourceTree = SOURCE_ROOT; };
		99296d8ef816b29c0b1142de7ada5a38 /* ofxDetectDisplays.cpp */ = {isa = PBXFileReference; explicitFileType = sourcecode.cpp.cpp; fileEncoding = 30; name = ofxDetectDisplays.cpp; path = ../../ofxDetectDisplays/src/ofxDetectDisplays.cpp; sourceTree = SOURCE_ROOT; };
		9d33a3e929b0b5d9c002e30e1d0f5548 /* ofxUIRadio.cpp */ = {isa = PBXFileReference; explicitFileType = sourcecode.cpp.cpp; fileEncoding = 30; name = ofxUIRadio.cpp; path = ../../ofxUI/src/ofxUIRadio.cpp; sourceTree = SOURCE_ROOT; };
		BBAB23BE13894E4700AA2426 /* GLUT.framework */ = {isa = PBXFileReference; lastKnownFileType = wrapper.framework; name = GLUT.framework; path = ../../../libs/glut/lib/osx/GLUT.framework; sourceTree = "<group>"; };
		E4328143138ABC890047C5CB /* openFrameworksLib.xcodeproj */ = {isa = PBXFileReference; lastKnownFileType = "wrapper.pb-project"; name = openFrameworksLib.xcodeproj; path = ../../../libs/openFrameworksCompiled/project/osx/openFrameworksLib.xcodeproj; sourceTree = SOURCE_ROOT; };
		E45BE9710E8CC7DD009D7055 /* AGL.framework */ = {isa = PBXFileReference; lastKnownFileType = wrapper.framework; name = AGL.framework; path = /System/Library/Frameworks/AGL.framework; sourceTree = "<absolute>"; };
		E45BE9720E8CC7DD009D7055 /* ApplicationServices.framework */ = {isa = PBXFileReference; lastKnownFileType = wrapper.framework; name = ApplicationServices.framework; path = /System/Library/Frameworks/ApplicationServices.framework; sourceTree = "<absolute>"; };
		E45BE9730E8CC7DD009D7055 /* AudioToolbox.framework */ = {isa = PBXFileReference; lastKnownFileType = wrapper.framework; name = AudioToolbox.framework; path = /System/Library/Frameworks/AudioToolbox.framework; sourceTree = "<absolute>"; };
		E45BE9740E8CC7DD009D7055 /* Carbon.framework */ = {isa = PBXFileReference; lastKnownFileType = wrapper.framework; name = Carbon.framework; path = /System/Library/Frameworks/Carbon.framework; sourceTree = "<absolute>"; };
		E45BE9750E8CC7DD009D7055 /* CoreAudio.framework */ = {isa = PBXFileReference; lastKnownFileType = wrapper.framework; name = CoreAudio.framework; path = /System/Library/Frameworks/CoreAudio.framework; sourceTree = "<absolute>"; };
		E45BE9760E8CC7DD009D7055 /* CoreFoundation.framework */ = {isa = PBXFileReference; lastKnownFileType = wrapper.framework; name = CoreFoundation.framework; path = /System/Library/Frameworks/CoreFoundation.framework; sourceTree = "<absolute>"; };
		E45BE9770E8CC7DD009D7055 /* CoreServices.framework */ = {isa = PBXFileReference; lastKnownFileType = wrapper.framework; name = CoreServices.framework; path = /System/Library/Frameworks/CoreServices.framework; sourceTree = "<absolute>"; };
		E45BE9790E8CC7DD009D7055 /* OpenGL.framework */ = {isa = PBXFileReference; lastKnownFileType = wrapper.framework; name = OpenGL.framework; path = /System/Library/Frameworks/OpenGL.framework; sourceTree = "<absolute>"; };
		E45BE97A0E8CC7DD009D7055 /* QuickTime.framework */ = {isa = PBXFileReference; lastKnownFileType = wrapper.framework; name = QuickTime.framework; path = /System/Library/Frameworks/QuickTime.framework; sourceTree = "<absolute>"; };
		E4B69B5B0A3A1756003C02F2 /* MTLMapperDebug.app */ = {isa = PBXFileReference; explicitFileType = wrapper.application; includeInIndex = 0; path = MTLMapperDebug.app; sourceTree = BUILT_PRODUCTS_DIR; };
		E4B69E1D0A3A1BDC003C02F2 /* main.cpp */ = {isa = PBXFileReference; fileEncoding = 30; lastKnownFileType = sourcecode.cpp.cpp; name = main.cpp; path = src/main.cpp; sourceTree = SOURCE_ROOT; };
		E4B69E1E0A3A1BDC003C02F2 /* ofApp.cpp */ = {isa = PBXFileReference; explicitFileType = sourcecode.cpp.cpp; fileEncoding = 30; name = ofApp.cpp; path = src/ofApp.cpp; sourceTree = SOURCE_ROOT; };
		E4B69E1F0A3A1BDC003C02F2 /* ofApp.h */ = {isa = PBXFileReference; fileEncoding = 30; lastKnownFileType = sourcecode.c.h; name = ofApp.h; path = src/ofApp.h; sourceTree = SOURCE_ROOT; };
		E4B6FCAD0C3E899E008CF71C /* openFrameworks-Info.plist */ = {isa = PBXFileReference; fileEncoding = 30; lastKnownFileType = text.plist.xml; path = "openFrameworks-Info.plist"; sourceTree = "<group>"; };
		E4C2424410CC5A17004149E2 /* AppKit.framework */ = {isa = PBXFileReference; lastKnownFileType = wrapper.framework; name = AppKit.framework; path = /System/Library/Frameworks/AppKit.framework; sourceTree = "<absolute>"; };
		E4C2424510CC5A17004149E2 /* Cocoa.framework */ = {isa = PBXFileReference; lastKnownFileType = wrapper.framework; name = Cocoa.framework; path = /System/Library/Frameworks/Cocoa.framework; sourceTree = "<absolute>"; };
		E4C2424610CC5A17004149E2 /* IOKit.framework */ = {isa = PBXFileReference; lastKnownFileType = wrapper.framework; name = IOKit.framework; path = /System/Library/Frameworks/IOKit.framework; sourceTree = "<absolute>"; };
		E4EB691F138AFCF100A09F29 /* CoreOF.xcconfig */ = {isa = PBXFileReference; fileEncoding = 4; lastKnownFileType = text.xcconfig; name = CoreOF.xcconfig; path = ../../../libs/openFrameworksCompiled/project/osx/CoreOF.xcconfig; sourceTree = SOURCE_ROOT; };
		E4EB6923138AFD0F00A09F29 /* Project.xcconfig */ = {isa = PBXFileReference; fileEncoding = 4; lastKnownFileType = text.xcconfig; path = Project.xcconfig; sourceTree = "<group>"; };
		E7E077E415D3B63C0020DFD4 /* CoreVideo.framework */ = {isa = PBXFileReference; lastKnownFileType = wrapper.framework; name = CoreVideo.framework; path = /System/Library/Frameworks/CoreVideo.framework; sourceTree = "<absolute>"; };
		E7E077E715D3B6510020DFD4 /* QTKit.framework */ = {isa = PBXFileReference; lastKnownFileType = wrapper.framework; name = QTKit.framework; path = /System/Library/Frameworks/QTKit.framework; sourceTree = "<absolute>"; };
		E7F985F515E0DE99003869B5 /* Accelerate.framework */ = {isa = PBXFileReference; lastKnownFileType = wrapper.framework; name = Accelerate.framework; path = /System/Library/Frameworks/Accelerate.framework; sourceTree = "<absolute>"; };
		F3163BDD19018F7700940C04 /* Syphon.framework */ = {isa = PBXFileReference; lastKnownFileType = wrapper.framework; path = Syphon.framework; sourceTree = "<group>"; };
		F3163BDF19018F7700940C04 /* SyphonNameboundClient.h */ = {isa = PBXFileReference; fileEncoding = 4; lastKnownFileType = sourcecode.c.h; path = SyphonNameboundClient.h; sourceTree = "<group>"; };
		F3163BE019018F7700940C04 /* SyphonNameboundClient.m */ = {isa = PBXFileReference; fileEncoding = 4; lastKnownFileType = sourcecode.c.objc; path = SyphonNameboundClient.m; sourceTree = "<group>"; };
		F3163BE119018F7700940C04 /* README.md */ = {isa = PBXFileReference; fileEncoding = 4; lastKnownFileType = text; path = README.md; sourceTree = "<group>"; };
		F3163BE319018F7700940C04 /* ofxSyphon.h */ = {isa = PBXFileReference; fileEncoding = 4; lastKnownFileType = sourcecode.c.h; path = ofxSyphon.h; sourceTree = "<group>"; };
		F3163BE419018F7700940C04 /* ofxSyphonClient.h */ = {isa = PBXFileReference; fileEncoding = 4; lastKnownFileType = sourcecode.c.h; path = ofxSyphonClient.h; sourceTree = "<group>"; };
		F3163BE519018F7700940C04 /* ofxSyphonClient.mm */ = {isa = PBXFileReference; fileEncoding = 4; lastKnownFileType = sourcecode.cpp.objcpp; path = ofxSyphonClient.mm; sourceTree = "<group>"; };
		F3163BE619018F7700940C04 /* ofxSyphonServer.h */ = {isa = PBXFileReference; fileEncoding = 4; lastKnownFileType = sourcecode.c.h; path = ofxSyphonServer.h; sourceTree = "<group>"; };
		F3163BE719018F7700940C04 /* ofxSyphonServer.mm */ = {isa = PBXFileReference; fileEncoding = 4; lastKnownFileType = sourcecode.cpp.objcpp; path = ofxSyphonServer.mm; sourceTree = "<group>"; };
		F3163BE819018F7700940C04 /* ofxSyphonServerDirectory.h */ = {isa = PBXFileReference; fileEncoding = 4; lastKnownFileType = sourcecode.c.h; path = ofxSyphonServerDirectory.h; sourceTree = "<group>"; };
		F3163BE919018F7700940C04 /* ofxSyphonServerDirectory.mm */ = {isa = PBXFileReference; fileEncoding = 4; lastKnownFileType = sourcecode.cpp.objcpp; path = ofxSyphonServerDirectory.mm; sourceTree = "<group>"; };
		F37CE35C190BFC8F008ECCE9 /* ofxAVFVideoPlayer.h */ = {isa = PBXFileReference; fileEncoding = 4; lastKnownFileType = sourcecode.c.h; path = ofxAVFVideoPlayer.h; sourceTree = "<group>"; };
		F37CE35D190BFC8F008ECCE9 /* ofxAVFVideoPlayer.mm */ = {isa = PBXFileReference; fileEncoding = 4; lastKnownFileType = sourcecode.cpp.objcpp; path = ofxAVFVideoPlayer.mm; sourceTree = "<group>"; };
		F37CE35E190BFC8F008ECCE9 /* ofxAVFVideoRenderer.h */ = {isa = PBXFileReference; fileEncoding = 4; lastKnownFileType = sourcecode.c.h; path = ofxAVFVideoRenderer.h; sourceTree = "<group>"; };
		F37CE35F190BFC8F008ECCE9 /* ofxAVFVideoRenderer.m */ = {isa = PBXFileReference; fileEncoding = 4; lastKnownFileType = sourcecode.c.objc; path = ofxAVFVideoRenderer.m; sourceTree = "<group>"; };
		F37CE36E190C09EE008ECCE9 /* CoreMedia.framework */ = {isa = PBXFileReference; lastKnownFileType = wrapper.framework; name = CoreMedia.framework; path = System/Library/Frameworks/CoreMedia.framework; sourceTree = SDKROOT; };
		F37CE370190C0A00008ECCE9 /* QuartzCore.framework */ = {isa = PBXFileReference; lastKnownFileType = wrapper.framework; name = QuartzCore.framework; path = System/Library/Frameworks/QuartzCore.framework; sourceTree = SDKROOT; };
		F37CE372190C0A0D008ECCE9 /* AVFoundation.framework */ = {isa = PBXFileReference; lastKnownFileType = wrapper.framework; name = AVFoundation.framework; path = System/Library/Frameworks/AVFoundation.framework; sourceTree = SDKROOT; };
		F3AED6E318FB19F100C67B36 /* ofxMtlMapping2DDefines.h */ = {isa = PBXFileReference; fileEncoding = 4; lastKnownFileType = sourcecode.c.h; name = ofxMtlMapping2DDefines.h; path = ../src/ofxMtlMapping2DDefines.h; sourceTree = "<group>"; };
		F3C7C78318CFADD2002DD9BE /* ofxMSAInteractiveObject.cpp */ = {isa = PBXFileReference; fileEncoding = 4; lastKnownFileType = sourcecode.cpp.cpp; path = ofxMSAInteractiveObject.cpp; sourceTree = "<group>"; };
		F3C7C78418CFADD2002DD9BE /* ofxMSAInteractiveObject.h */ = {isa = PBXFileReference; fileEncoding = 4; lastKnownFileType = sourcecode.c.h; path = ofxMSAInteractiveObject.h; sourceTree = "<group>"; };
		F3E9AD3D1954C2BA003BA1E8 /* ofxExtraWindow.cpp */ = {isa = PBXFileReference; explicitFileType = sourcecode.cpp.objcpp; fileEncoding = 4; path = ofxExtraWindow.cpp; sourceTree = "<group>"; };
		F3E9AD3E1954C2BA003BA1E8 /* ofxExtraWindow.h */ = {isa = PBXFileReference; fileEncoding = 4; lastKnownFileType = sourcecode.c.h; path = ofxExtraWindow.h; sourceTree = "<group>"; };
		a64b8aa7481267cd4a76c16bbdb9a1c8 /* ofxUITabBar.cpp */ = {isa = PBXFileReference; explicitFileType = sourcecode.cpp.cpp; fileEncoding = 30; name = ofxUITabBar.cpp; path = ../../ofxUI/src/ofxUITabBar.cpp; sourceTree = SOURCE_ROOT; };
		a8896ac3becaaa504e3828f42f9f8d48 /* ofxUIEventArgs.cpp */ = {isa = PBXFileReference; explicitFileType = sourcecode.cpp.cpp; fileEncoding = 30; name = ofxUIEventArgs.cpp; path = ../../ofxUI/src/ofxUIEventArgs.cpp; sourceTree = SOURCE_ROOT; };
		aefcf7e549aca862c022ad40a425fa4c /* ofxUIDefines.h */ = {isa = PBXFileReference; explicitFileType = sourcecode.c.h; fileEncoding = 30; name = ofxUIDefines.h; path = ../../ofxUI/src/ofxUIDefines.h; sourceTree = SOURCE_ROOT; };
		b21e7e5f548eea92f368040bb1aa2f69 /* tinyxml.h */ = {isa = PBXFileReference; explicitFileType = sourcecode.c.h; fileEncoding = 30; name = tinyxml.h; path = ../../ofxXmlSettings/libs/tinyxml.h; sourceTree = SOURCE_ROOT; };
		b3ca0202b1a3b6d8920c2b1513b3b305 /* ofxUIButton.h */ = {isa = PBXFileReference; explicitFileType = sourcecode.c.h; fileEncoding = 30; name = ofxUIButton.h; path = ../../ofxUI/src/ofxUIButton.h; sourceTree = SOURCE_ROOT; };
		b848522cca3a75abd56752c9d02b1b7b /* ofxUIImageToggle.cpp */ = {isa = PBXFileReference; explicitFileType = sourcecode.cpp.cpp; fileEncoding = 30; name = ofxUIImageToggle.cpp; path = ../../ofxUI/src/ofxUIImageToggle.cpp; sourceTree = SOURCE_ROOT; };
		bbcef2f05529f898e03ddbe687c3b4c6 /* ofxMtlMapping2DGlobal.h */ = {isa = PBXFileReference; explicitFileType = sourcecode.c.h; fileEncoding = 30; name = ofxMtlMapping2DGlobal.h; path = ../src/ofxMtlMapping2DGlobal.h; sourceTree = SOURCE_ROOT; };
		bc6931447de6c359dddf21f174e83978 /* ofxUIMultiImageButton.h */ = {isa = PBXFileReference; explicitFileType = sourcecode.c.h; fileEncoding = 30; name = ofxUIMultiImageButton.h; path = ../../ofxUI/src/ofxUIMultiImageButton.h; sourceTree = SOURCE_ROOT; };
		bfd3387aa9efa53e1b4f087b3fdfa1d3 /* ofxUIScrollableCanvas.cpp */ = {isa = PBXFileReference; explicitFileType = sourcecode.cpp.cpp; fileEncoding = 30; name = ofxUIScrollableCanvas.cpp; path = ../../ofxUI/src/ofxUIScrollableCanvas.cpp; sourceTree = SOURCE_ROOT; };
		c161222f68d4f7ce28bc4f61e6324dd3 /* ofxUIBaseDraws.h */ = {isa = PBXFileReference; explicitFileType = sourcecode.c.h; fileEncoding = 30; name = ofxUIBaseDraws.h; path = ../../ofxUI/src/ofxUIBaseDraws.h; sourceTree = SOURCE_ROOT; };
		c38d6dcc3ab9aae213a64015b75adbd4 /* ofxUIScrollableCanvas.h */ = {isa = PBXFileReference; explicitFileType = sourcecode.c.h; fileEncoding = 30; name = ofxUIScrollableCanvas.h; path = ../../ofxUI/src/ofxUIScrollableCanvas.h; sourceTree = SOURCE_ROOT; };
		c6305369801b450557086284030a4b6b /* ofxUISpectrum.h */ = {isa = PBXFileReference; explicitFileType = sourcecode.c.h; fileEncoding = 30; name = ofxUISpectrum.h; path = ../../ofxUI/src/ofxUISpectrum.h; sourceTree = SOURCE_ROOT; };
		c7b4b8ad9464a693a3683d0fd1a7b1fb /* ofxUISpacer.h */ = {isa = PBXFileReference; explicitFileType = sourcecode.c.h; fileEncoding = 30; name = ofxUISpacer.h; path = ../../ofxUI/src/ofxUISpacer.h; sourceTree = SOURCE_ROOT; };
		cbdaae6f1c4086bf0f1b68a88f0b879c /* ofxMtlMapping2DTriangle.h */ = {isa = PBXFileReference; explicitFileType = sourcecode.c.h; fileEncoding = 30; name = ofxMtlMapping2DTriangle.h; path = ../src/shapes/ofxMtlMapping2DTriangle.h; sourceTree = SOURCE_ROOT; };
		ccec29a4351c40ba86f2e491c8c90bff /* ofxUIMinimalSlider.h */ = {isa = PBXFileReference; explicitFileType = sourcecode.c.h; fileEncoding = 30; name = ofxUIMinimalSlider.h; path = ../../ofxUI/src/ofxUIMinimalSlider.h; sourceTree = SOURCE_ROOT; };
		cf73e1af93352cf515e7c9f200d2542b /* ofxUIEventArgs.h */ = {isa = PBXFileReference; explicitFileType = sourcecode.c.h; fileEncoding = 30; name = ofxUIEventArgs.h; path = ../../ofxUI/src/ofxUIEventArgs.h; sourceTree = SOURCE_ROOT; };
		d1387f25a47ef6809b55b59c4b916da4 /* ofxUIValuePlotter.h */ = {isa = PBXFileReference; explicitFileType = sourcecode.c.h; fileEncoding = 30; name = ofxUIValuePlotter.h; path = ../../ofxUI/src/ofxUIValuePlotter.h; sourceTree = SOURCE_ROOT; };
		d45991c927e805c3b1ad7516589a1122 /* ofxUITabBar.h */ = {isa = PBXFileReference; explicitFileType = sourcecode.c.h; fileEncoding = 30; name = ofxUITabBar.h; path = ../../ofxUI/src/ofxUITabBar.h; sourceTree = SOURCE_ROOT; };
		d4a5e79c88fd78cd31f1797ec9684ff4 /* ofxMtlMapping2DGrid.cpp */ = {isa = PBXFileReference; explicitFileType = sourcecode.cpp.cpp; fileEncoding = 30; name = ofxMtlMapping2DGrid.cpp; path = ../src/shapes/ofxMtlMapping2DGrid.cpp; sourceTree = SOURCE_ROOT; };
		d66e735be796bc0675320dc8741a5a55 /* ofxUIImageSlider.h */ = {isa = PBXFileReference; explicitFileType = sourcecode.c.h; fileEncoding = 30; name = ofxUIImageSlider.h; path = ../../ofxUI/src/ofxUIImageSlider.h; sourceTree = SOURCE_ROOT; };
		d7177cc1e771e1e857f8cb485d6d543e /* ofxUISpectrum.cpp */ = {isa = PBXFileReference; explicitFileType = sourcecode.cpp.cpp; fileEncoding = 30; name = ofxUISpectrum.cpp; path = ../../ofxUI/src/ofxUISpectrum.cpp; sourceTree = SOURCE_ROOT; };
		d7d83ef74fc7508d9146fa6305958d5f /* ofxUILabel.cpp */ = {isa = PBXFileReference; explicitFileType = sourcecode.cpp.cpp; fileEncoding = 30; name = ofxUILabel.cpp; path = ../../ofxUI/src/ofxUILabel.cpp; sourceTree = SOURCE_ROOT; };
		dbe31d52bcb0ce44b9d154f0d7a8b9de /* ofxUITextArea.cpp */ = {isa = PBXFileReference; explicitFileType = sourcecode.cpp.cpp; fileEncoding = 30; name = ofxUITextArea.cpp; path = ../../ofxUI/src/ofxUITextArea.cpp; sourceTree = SOURCE_ROOT; };
		dc8f54ea6bb26b878c871680b7ff7865 /* ofxMtlMapping2DQuad.h */ = {isa = PBXFileReference; explicitFileType = sourcecode.c.h; fileEncoding = 30; name = ofxMtlMapping2DQuad.h; path = ../src/shapes/ofxMtlMapping2DQuad.h; sourceTree = SOURCE_ROOT; };
		dcc6ff81c73171d478e61a4f5d058e70 /* ofxMtlMapping2DShape.cpp */ = {isa = PBXFileReference; explicitFileType = sourcecode.cpp.cpp; fileEncoding = 30; name = ofxMtlMapping2DShape.cpp; path = ../src/shapes/ofxMtlMapping2DShape.cpp; sourceTree = SOURCE_ROOT; };
		e2813e36cefd8d1c1b70e600d08da67d /* ofxUIRangeSlider.cpp */ = {isa = PBXFileReference; explicitFileType = sourcecode.cpp.cpp; fileEncoding = 30; name = ofxUIRangeSlider.cpp; path = ../../ofxUI/src/ofxUIRangeSlider.cpp; sourceTree = SOURCE_ROOT; };
		e6280b5fa1cea20450916e495ca1eb89 /* ofxUIImageButton.cpp */ = {isa = PBXFileReference; explicitFileType = sourcecode.cpp.cpp; fileEncoding = 30; name = ofxUIImageButton.cpp; path = ../../ofxUI/src/ofxUIImageButton.cpp; sourceTree = SOURCE_ROOT; };
		e65d547c2cd6a84fc9af15fa7ad1992e /* ofxUITextInput.h */ = {isa = PBXFileReference; explicitFileType = sourcecode.c.h; fileEncoding = 30; name = ofxUITextInput.h; path = ../../ofxUI/src/ofxUITextInput.h; sourceTree = SOURCE_ROOT; };
		e66049738aa4adb460f7beaf61b6dcb1 /* mtlUtils.h */ = {isa = PBXFileReference; explicitFileType = sourcecode.c.h; fileEncoding = 30; name = mtlUtils.h; path = ../src/utils/mtlUtils.h; sourceTree = SOURCE_ROOT; };
		e67bc70e17dda0081c8fd9dd234d7962 /* ofxUIImageButton.h */ = {isa = PBXFileReference; explicitFileType = sourcecode.c.h; fileEncoding = 30; name = ofxUIImageButton.h; path = ../../ofxUI/src/ofxUIImageButton.h; sourceTree = SOURCE_ROOT; };
		e71733956cd601886837be2e3f1fef9a /* ofxUICanvas.cpp */ = {isa = PBXFileReference; explicitFileType = sourcecode.cpp.cpp; fileEncoding = 30; name = ofxUICanvas.cpp; path = ../../ofxUI/src/ofxUICanvas.cpp; sourceTree = SOURCE_ROOT; };
		e88f5d4d5e360fa5b5c8f99eb5f5d7ef /* ofxUISortableList.h */ = {isa = PBXFileReference; explicitFileType = sourcecode.c.h; fileEncoding = 30; name = ofxUISortableList.h; path = ../../ofxUI/src/ofxUISortableList.h; sourceTree = SOURCE_ROOT; };
		eb3bdb04142a62dfa268e4b3360ffc86 /* ofxMtlMapping2DGrid.h */ = {isa = PBXFileReference; explicitFileType = sourcecode.c.h; fileEncoding = 30; name = ofxMtlMapping2DGrid.h; path = ../src/shapes/ofxMtlMapping2DGrid.h; sourceTree = SOURCE_ROOT; };
		edfeb3d8c9183ade3facb4b57abfc6d4 /* ofxUICircleSlider.h */ = {isa = PBXFileReference; explicitFileType = sourcecode.c.h; fileEncoding = 30; name = ofxUICircleSlider.h; path = ../../ofxUI/src/ofxUICircleSlider.h; sourceTree = SOURCE_ROOT; };
		f26e25f3872c0799d6433b99d59bdde1 /* ofxUILabel.h */ = {isa = PBXFileReference; explicitFileType = sourcecode.c.h; fileEncoding = 30; name = ofxUILabel.h; path = ../../ofxUI/src/ofxUILabel.h; sourceTree = SOURCE_ROOT; };
		f9a4454b00ccfd7265d3ca8528da420e /* ofxUILabelButton.cpp */ = {isa = PBXFileReference; explicitFileType = sourcecode.cpp.cpp; fileEncoding = 30; name = ofxUILabelButton.cpp; path = ../../ofxUI/src/ofxUILabelButton.cpp; sourceTree = SOURCE_ROOT; };
		f9df961b5e7d4c4e1e5d029c1616b439 /* ofxUITextArea.h */ = {isa = PBXFileReference; explicitFileType = sourcecode.c.h; fileEncoding = 30; name = ofxUITextArea.h; path = ../../ofxUI/src/ofxUITextArea.h; sourceTree = SOURCE_ROOT; };
		fbe1b379902b3c585dc8f7a21175a71f /* ofxUILabelButton.h */ = {isa = PBXFileReference; explicitFileType = sourcecode.c.h; fileEncoding = 30; name = ofxUILabelButton.h; path = ../../ofxUI/src/ofxUILabelButton.h; sourceTree = SOURCE_ROOT; };
		fc5da1c87211d4f6377da7199d8c5a1e /* tinyxmlparser.cpp */ = {isa = PBXFileReference; explicitFileType = sourcecode.cpp.cpp; fileEncoding = 30; name = tinyxmlparser.cpp; path = ../../ofxXmlSettings/libs/tinyxmlparser.cpp; sourceTree = SOURCE_ROOT; };
		fccbdb55b98da36682809f0348522eab /* ofxUIWaveform.h */ = {isa = PBXFileReference; explicitFileType = sourcecode.c.h; fileEncoding = 30; name = ofxUIWaveform.h; path = ../../ofxUI/src/ofxUIWaveform.h; sourceTree = SOURCE_ROOT; };
		fcdc14fc3a528501f6c2ca59cd45b594 /* ofxMtlMapping2DTriangle.cpp */ = {isa = PBXFileReference; explicitFileType = sourcecode.cpp.cpp; fileEncoding = 30; name = ofxMtlMapping2DTriangle.cpp; path = ../src/shapes/ofxMtlMapping2DTriangle.cpp; sourceTree = SOURCE_ROOT; };
		fda2832e78cfa22beec74160a7a68606 /* ofxUIFPS.h */ = {isa = PBXFileReference; explicitFileType = sourcecode.c.h; fileEncoding = 30; name = ofxUIFPS.h; path = ../../ofxUI/src/ofxUIFPS.h; sourceTree = SOURCE_ROOT; };
		feb61645ef9120f5bacb7462a91bd7ca /* ofxUIFPS.cpp */ = {isa = PBXFileReference; explicitFileType = sourcecode.cpp.cpp; fileEncoding = 30; name = ofxUIFPS.cpp; path = ../../ofxUI/src/ofxUIFPS.cpp; sourceTree = SOURCE_ROOT; };
		ff3587fe156ada22a38c70b71599c0c4 /* ofxMtlMapping2DPolygon.cpp */ = {isa = PBXFileReference; explicitFileType = sourcecode.cpp.cpp; fileEncoding = 30; name = ofxMtlMapping2DPolygon.cpp; path = ../src/shapes/ofxMtlMapping2DPolygon.cpp; sourceTree = SOURCE_ROOT; };
		ffd5d3c9d38e29db72b322542692992b /* ofxUIDragableLabelButton.cpp */ = {isa = PBXFileReference; explicitFileType = sourcecode.cpp.cpp; fileEncoding = 30; name = ofxUIDragableLabelButton.cpp; path = ../../ofxUI/src/ofxUIDragableLabelButton.cpp; sourceTree = SOURCE_ROOT; };
/* End PBXFileReference section */

/* Begin PBXFrameworksBuildPhase section */
		E4B69B590A3A1756003C02F2 /* Frameworks */ = {
			isa = PBXFrameworksBuildPhase;
			buildActionMask = 2147483647;
			files = (
				F37CE373190C0A0D008ECCE9 /* AVFoundation.framework in Frameworks */,
				F37CE371190C0A00008ECCE9 /* QuartzCore.framework in Frameworks */,
				F37CE36F190C09EE008ECCE9 /* CoreMedia.framework in Frameworks */,
				F3163BEE19018F7700940C04 /* Syphon.framework in Frameworks */,
				E7F985F815E0DEA3003869B5 /* Accelerate.framework in Frameworks */,
				E7E077E815D3B6510020DFD4 /* QTKit.framework in Frameworks */,
				E4EB6799138ADC1D00A09F29 /* GLUT.framework in Frameworks */,
				E4328149138ABC9F0047C5CB /* openFrameworksDebug.a in Frameworks */,
				E45BE97B0E8CC7DD009D7055 /* AGL.framework in Frameworks */,
				E45BE97C0E8CC7DD009D7055 /* ApplicationServices.framework in Frameworks */,
				E45BE97D0E8CC7DD009D7055 /* AudioToolbox.framework in Frameworks */,
				E45BE97E0E8CC7DD009D7055 /* Carbon.framework in Frameworks */,
				E45BE97F0E8CC7DD009D7055 /* CoreAudio.framework in Frameworks */,
				E45BE9800E8CC7DD009D7055 /* CoreFoundation.framework in Frameworks */,
				E45BE9810E8CC7DD009D7055 /* CoreServices.framework in Frameworks */,
				E45BE9830E8CC7DD009D7055 /* OpenGL.framework in Frameworks */,
				E45BE9840E8CC7DD009D7055 /* QuickTime.framework in Frameworks */,
				E4C2424710CC5A17004149E2 /* AppKit.framework in Frameworks */,
				E4C2424810CC5A17004149E2 /* Cocoa.framework in Frameworks */,
				E4C2424910CC5A17004149E2 /* IOKit.framework in Frameworks */,
				E7E077E515D3B63C0020DFD4 /* CoreVideo.framework in Frameworks */,
			);
			runOnlyForDeploymentPostprocessing = 0;
		};
/* End PBXFrameworksBuildPhase section */

/* Begin PBXGroup section */
		06c3dcbdc86bb41061e651ac14d1e198 /* ofxDetectDisplays */ = {
			isa = PBXGroup;
			children = (
				7d2a3ee89a901da0f0feb10400546257 /* src */,
			);
			name = ofxDetectDisplays;
			sourceTree = "<group>";
		};
		1f1ebf8600aecade4c2ed8dc0fa69716 /* controls */ = {
			isa = PBXGroup;
			children = (
				176127482f190aa1aebcc93cc0993a0b /* ofxMtlMapping2DControls.cpp */,
				39560546b24488fd28f42f973690f18e /* ofxMtlMapping2DControls.h */,
			);
			name = controls;
			sourceTree = "<group>";
		};
		1f4fb5c423662b96adfdcc0badec1cb0 /* ofxXmlSettings */ = {
			isa = PBXGroup;
			children = (
				6ecef0d76bc33727823eadffc320c44d /* src */,
				6e54289412d2d94f45a051132369530c /* libs */,
			);
			name = ofxXmlSettings;
			sourceTree = "<group>";
		};
		49f13bb1610cd169054b0f236816089a /* src */ = {
			isa = PBXGroup;
			children = (
				37a990a3683224be7d55a36e4698ac65 /* ofxMtlMapping2D.cpp */,
				513de36722504290550c47ecf743a988 /* ofxMtlMapping2D.h */,
				F3AED6E318FB19F100C67B36 /* ofxMtlMapping2DDefines.h */,
				5a51289d334d8a44e1d2c71bd6051a03 /* ofxMtlMapping2DGlobal.cpp */,
				bbcef2f05529f898e03ddbe687c3b4c6 /* ofxMtlMapping2DGlobal.h */,
				958fdb71f0a82edc91b68535096fa21c /* ofxMtlMapping2DShapes.cpp */,
				5e3724794154b2902d9499c57de0aa41 /* ofxMtlMapping2DShapes.h */,
				46a0531d7388bbcb22aa616b2cac6595 /* ofxMtlMapping2DShapeType.h */,
				1f1ebf8600aecade4c2ed8dc0fa69716 /* controls */,
				e6d9edd5c9e95accb18ebc8b02569c0c /* settings */,
				f1b1af98b46aa9c30e35e807a64bc0df /* shapes */,
				7a0753c9b53f58bd02042f8ad3b52d87 /* utils */,
			);
			name = src;
			sourceTree = "<group>";
		};
		57f440d40f421ec9e27ea93b1e6293f0 /* homography */ = {
			isa = PBXGroup;
			children = (
				8dc165ab0b61c0f02769b779e01ef226 /* homography.h */,
			);
			name = homography;
			sourceTree = "<group>";
		};
		6e54289412d2d94f45a051132369530c /* libs */ = {
			isa = PBXGroup;
			children = (
				2b40eda85beb63e46785bc299a638898 /* tinyxml.cpp */,
				b21e7e5f548eea92f368040bb1aa2f69 /* tinyxml.h */,
				832bdc407620cdba568b713d2252c43c /* tinyxmlerror.cpp */,
				fc5da1c87211d4f6377da7199d8c5a1e /* tinyxmlparser.cpp */,
			);
			name = libs;
			sourceTree = "<group>";
		};
		6ecef0d76bc33727823eadffc320c44d /* src */ = {
			isa = PBXGroup;
			children = (
				50df87d612c5aae17aafa6c02c6bc570 /* ofxXmlSettings.cpp */,
				01dcc0911400f9acf5b65578af4ec8f9 /* ofxXmlSettings.h */,
			);
			name = src;
			sourceTree = "<group>";
		};
		7a0753c9b53f58bd02042f8ad3b52d87 /* utils */ = {
			isa = PBXGroup;
			children = (
				F3E9AD3C1954C2BA003BA1E8 /* ofxExtraWindow */,
				57f440d40f421ec9e27ea93b1e6293f0 /* homography */,
				e66049738aa4adb460f7beaf61b6dcb1 /* mtlUtils.h */,
			);
			name = utils;
			sourceTree = "<group>";
		};
		7d2a3ee89a901da0f0feb10400546257 /* src */ = {
			isa = PBXGroup;
			children = (
				99296d8ef816b29c0b1142de7ada5a38 /* ofxDetectDisplays.cpp */,
				197fe0ae44064a24814526c0d180b961 /* ofxDetectDisplays.h */,
			);
			name = src;
			sourceTree = "<group>";
		};
		BB4B014C10F69532006C3DED /* addons */ = {
			isa = PBXGroup;
			children = (
				F37CE331190BFC8F008ECCE9 /* ofxAVFVideoPlayer */,
				F3163BBC19018F7700940C04 /* ofxSyphon */,
				1f4fb5c423662b96adfdcc0badec1cb0 /* ofxXmlSettings */,
				06c3dcbdc86bb41061e651ac14d1e198 /* ofxDetectDisplays */,
				a25a3d3b2d6754990997992e6ea3ef3c /* ofxMtlMapping2D */,
				F3C7C77818CFADD2002DD9BE /* ofxMSAInteractiveObject */,
				a492ce86424ab8905550bfd831201a16 /* ofxUI */,
			);
			name = addons;
			sourceTree = "<group>";
		};
		BBAB23C913894ECA00AA2426 /* system frameworks */ = {
			isa = PBXGroup;
			children = (
				F37CE372190C0A0D008ECCE9 /* AVFoundation.framework */,
				F37CE370190C0A00008ECCE9 /* QuartzCore.framework */,
				E7F985F515E0DE99003869B5 /* Accelerate.framework */,
				E4C2424410CC5A17004149E2 /* AppKit.framework */,
				E4C2424510CC5A17004149E2 /* Cocoa.framework */,
				E4C2424610CC5A17004149E2 /* IOKit.framework */,
				E45BE9710E8CC7DD009D7055 /* AGL.framework */,
				E45BE9720E8CC7DD009D7055 /* ApplicationServices.framework */,
				E45BE9730E8CC7DD009D7055 /* AudioToolbox.framework */,
				E45BE9740E8CC7DD009D7055 /* Carbon.framework */,
				E45BE9750E8CC7DD009D7055 /* CoreAudio.framework */,
				E45BE9760E8CC7DD009D7055 /* CoreFoundation.framework */,
				F37CE36E190C09EE008ECCE9 /* CoreMedia.framework */,
				E45BE9770E8CC7DD009D7055 /* CoreServices.framework */,
				E45BE9790E8CC7DD009D7055 /* OpenGL.framework */,
				E45BE97A0E8CC7DD009D7055 /* QuickTime.framework */,
				E7E077E415D3B63C0020DFD4 /* CoreVideo.framework */,
				E7E077E715D3B6510020DFD4 /* QTKit.framework */,
			);
			name = "system frameworks";
			sourceTree = "<group>";
		};
		BBAB23CA13894EDB00AA2426 /* 3rd party frameworks */ = {
			isa = PBXGroup;
			children = (
				BBAB23BE13894E4700AA2426 /* GLUT.framework */,
			);
			name = "3rd party frameworks";
			sourceTree = "<group>";
		};
		E4328144138ABC890047C5CB /* Products */ = {
			isa = PBXGroup;
			children = (
				E4328148138ABC890047C5CB /* openFrameworksDebug.a */,
			);
			name = Products;
			sourceTree = "<group>";
		};
		E45BE5980E8CC70C009D7055 /* frameworks */ = {
			isa = PBXGroup;
			children = (
				BBAB23CA13894EDB00AA2426 /* 3rd party frameworks */,
				BBAB23C913894ECA00AA2426 /* system frameworks */,
			);
			name = frameworks;
			sourceTree = "<group>";
		};
		E4B69B4A0A3A1720003C02F2 = {
			isa = PBXGroup;
			children = (
				E4B6FCAD0C3E899E008CF71C /* openFrameworks-Info.plist */,
				E4EB6923138AFD0F00A09F29 /* Project.xcconfig */,
				E4B69E1C0A3A1BDC003C02F2 /* src */,
				E4EEC9E9138DF44700A80321 /* openFrameworks */,
				BB4B014C10F69532006C3DED /* addons */,
				E45BE5980E8CC70C009D7055 /* frameworks */,
				E4B69B5B0A3A1756003C02F2 /* MTLMapperDebug.app */,
			);
			sourceTree = "<group>";
		};
		E4B69E1C0A3A1BDC003C02F2 /* src */ = {
			isa = PBXGroup;
			children = (
				E4B69E1D0A3A1BDC003C02F2 /* main.cpp */,
				E4B69E1E0A3A1BDC003C02F2 /* ofApp.cpp */,
				E4B69E1F0A3A1BDC003C02F2 /* ofApp.h */,
			);
			path = src;
			sourceTree = SOURCE_ROOT;
		};
		E4EEC9E9138DF44700A80321 /* openFrameworks */ = {
			isa = PBXGroup;
			children = (
				E4EB691F138AFCF100A09F29 /* CoreOF.xcconfig */,
				E4328143138ABC890047C5CB /* openFrameworksLib.xcodeproj */,
			);
			name = openFrameworks;
			sourceTree = "<group>";
		};
		F3163BBC19018F7700940C04 /* ofxSyphon */ = {
			isa = PBXGroup;
			children = (
				F3163BD919018F7700940C04 /* libs */,
				F3163BE119018F7700940C04 /* README.md */,
				F3163BE219018F7700940C04 /* src */,
			);
			name = ofxSyphon;
			path = ../../ofxSyphon;
			sourceTree = "<group>";
		};
		F3163BD919018F7700940C04 /* libs */ = {
			isa = PBXGroup;
			children = (
				F3163BDA19018F7700940C04 /* Syphon */,
			);
			path = libs;
			sourceTree = "<group>";
		};
		F3163BDA19018F7700940C04 /* Syphon */ = {
			isa = PBXGroup;
			children = (
				F3163BDB19018F7700940C04 /* lib */,
				F3163BDE19018F7700940C04 /* src */,
			);
			path = Syphon;
			sourceTree = "<group>";
		};
		F3163BDB19018F7700940C04 /* lib */ = {
			isa = PBXGroup;
			children = (
				F3163BDC19018F7700940C04 /* osx */,
			);
			path = lib;
			sourceTree = "<group>";
		};
		F3163BDC19018F7700940C04 /* osx */ = {
			isa = PBXGroup;
			children = (
				F3163BDD19018F7700940C04 /* Syphon.framework */,
			);
			path = osx;
			sourceTree = "<group>";
		};
		F3163BDE19018F7700940C04 /* src */ = {
			isa = PBXGroup;
			children = (
				F3163BDF19018F7700940C04 /* SyphonNameboundClient.h */,
				F3163BE019018F7700940C04 /* SyphonNameboundClient.m */,
			);
			path = src;
			sourceTree = "<group>";
		};
		F3163BE219018F7700940C04 /* src */ = {
			isa = PBXGroup;
			children = (
				F3163BE319018F7700940C04 /* ofxSyphon.h */,
				F3163BE419018F7700940C04 /* ofxSyphonClient.h */,
				F3163BE519018F7700940C04 /* ofxSyphonClient.mm */,
				F3163BE619018F7700940C04 /* ofxSyphonServer.h */,
				F3163BE719018F7700940C04 /* ofxSyphonServer.mm */,
				F3163BE819018F7700940C04 /* ofxSyphonServerDirectory.h */,
				F3163BE919018F7700940C04 /* ofxSyphonServerDirectory.mm */,
			);
			path = src;
			sourceTree = "<group>";
		};
		F37CE331190BFC8F008ECCE9 /* ofxAVFVideoPlayer */ = {
			isa = PBXGroup;
			children = (
				F37CE35B190BFC8F008ECCE9 /* src */,
			);
			name = ofxAVFVideoPlayer;
			path = ../../ofxAVFVideoPlayer;
			sourceTree = "<group>";
		};
		F37CE35B190BFC8F008ECCE9 /* src */ = {
			isa = PBXGroup;
			children = (
				F37CE35C190BFC8F008ECCE9 /* ofxAVFVideoPlayer.h */,
				F37CE35D190BFC8F008ECCE9 /* ofxAVFVideoPlayer.mm */,
				F37CE35E190BFC8F008ECCE9 /* ofxAVFVideoRenderer.h */,
				F37CE35F190BFC8F008ECCE9 /* ofxAVFVideoRenderer.m */,
			);
			path = src;
			sourceTree = "<group>";
		};
		F3C7C77818CFADD2002DD9BE /* ofxMSAInteractiveObject */ = {
			isa = PBXGroup;
			children = (
				F3C7C78218CFADD2002DD9BE /* src */,
			);
			name = ofxMSAInteractiveObject;
			path = ../../ofxMSAInteractiveObject;
			sourceTree = "<group>";
		};
		F3C7C78218CFADD2002DD9BE /* src */ = {
			isa = PBXGroup;
			children = (
				F3C7C78318CFADD2002DD9BE /* ofxMSAInteractiveObject.cpp */,
				F3C7C78418CFADD2002DD9BE /* ofxMSAInteractiveObject.h */,
			);
			path = src;
			sourceTree = "<group>";
		};
		F3E9AD3C1954C2BA003BA1E8 /* ofxExtraWindow */ = {
			isa = PBXGroup;
			children = (
				F3E9AD3D1954C2BA003BA1E8 /* ofxExtraWindow.cpp */,
				F3E9AD3E1954C2BA003BA1E8 /* ofxExtraWindow.h */,
			);
			name = ofxExtraWindow;
			path = ../src/utils/ofxExtraWindow;
			sourceTree = "<group>";
		};
		a25a3d3b2d6754990997992e6ea3ef3c /* ofxMtlMapping2D */ = {
			isa = PBXGroup;
			children = (
				49f13bb1610cd169054b0f236816089a /* src */,
			);
			name = ofxMtlMapping2D;
			sourceTree = "<group>";
		};
		a492ce86424ab8905550bfd831201a16 /* ofxUI */ = {
			isa = PBXGroup;
			children = (
				d60f85fe32e11f4003b80627506496ad /* src */,
			);
			name = ofxUI;
			sourceTree = "<group>";
		};
		d60f85fe32e11f4003b80627506496ad /* src */ = {
			isa = PBXGroup;
			children = (
				64c6f7ad018ffd34c7abb6f2a2c0cec0 /* ofxUI.h */,
				02ff3b8d243cfb85ae0909eb3b41abb8 /* ofxUI2DGraph.cpp */,
				653cfae31336daa04b1f15031ae14c2b /* ofxUI2DGraph.h */,
				1553d7111bcbe7834bcc0784d535c378 /* ofxUI2DPad.cpp */,
				961de8b564ef22e65c9480ae3fc5936a /* ofxUI2DPad.h */,
				28155024c27152a66926b55348408cdc /* ofxUIBaseDraws.cpp */,
				c161222f68d4f7ce28bc4f61e6324dd3 /* ofxUIBaseDraws.h */,
				876bba9542e267584885cad8532f5fd1 /* ofxUIBiLabelSlider.cpp */,
				2dd185513a2875ec8a07867018e8bd02 /* ofxUIBiLabelSlider.h */,
				8f8238006e98a8e39851968cef4aa2cb /* ofxUIButton.cpp */,
				b3ca0202b1a3b6d8920c2b1513b3b305 /* ofxUIButton.h */,
				e71733956cd601886837be2e3f1fef9a /* ofxUICanvas.cpp */,
				4ff2f2d5a01ada37a9ade20fb41e7560 /* ofxUICanvas.h */,
				2556100026b425e8370bcf75a9db1551 /* ofxUICircleSlider.cpp */,
				edfeb3d8c9183ade3facb4b57abfc6d4 /* ofxUICircleSlider.h */,
				aefcf7e549aca862c022ad40a425fa4c /* ofxUIDefines.h */,
				ffd5d3c9d38e29db72b322542692992b /* ofxUIDragableLabelButton.cpp */,
				3c9066fb257b904a547019eda3209785 /* ofxUIDragableLabelButton.h */,
				31517a9d3d67d9c054954dc563974b2c /* ofxUIDropDownList.cpp */,
				531d8d09739d338239967b3a215e9cfd /* ofxUIDropDownList.h */,
				a8896ac3becaaa504e3828f42f9f8d48 /* ofxUIEventArgs.cpp */,
				cf73e1af93352cf515e7c9f200d2542b /* ofxUIEventArgs.h */,
				feb61645ef9120f5bacb7462a91bd7ca /* ofxUIFPS.cpp */,
				fda2832e78cfa22beec74160a7a68606 /* ofxUIFPS.h */,
				7e7e592342d8b7fb73a6f64d2206898f /* ofxUIFPSSlider.cpp */,
				664d65407be633c038fa9498bcf62aa7 /* ofxUIFPSSlider.h */,
				938f5a098a216b403906129cc0e18a64 /* ofxUIImage.cpp */,
				4ed7bc3af72f6be8f0917a303bedb573 /* ofxUIImage.h */,
				e6280b5fa1cea20450916e495ca1eb89 /* ofxUIImageButton.cpp */,
				e67bc70e17dda0081c8fd9dd234d7962 /* ofxUIImageButton.h */,
				8b5f60b902bffd95e99aab342d9d24ca /* ofxUIImageSampler.cpp */,
				4aea0d08c3b0323fedc8d9749c9217ea /* ofxUIImageSampler.h */,
				2689c5c8a97002c218125f2fe1675282 /* ofxUIImageSlider.cpp */,
				d66e735be796bc0675320dc8741a5a55 /* ofxUIImageSlider.h */,
				b848522cca3a75abd56752c9d02b1b7b /* ofxUIImageToggle.cpp */,
				2d394124f88f348aa4142dcfb64b4bd1 /* ofxUIImageToggle.h */,
				d7d83ef74fc7508d9146fa6305958d5f /* ofxUILabel.cpp */,
				f26e25f3872c0799d6433b99d59bdde1 /* ofxUILabel.h */,
				f9a4454b00ccfd7265d3ca8528da420e /* ofxUILabelButton.cpp */,
				fbe1b379902b3c585dc8f7a21175a71f /* ofxUILabelButton.h */,
				76af3b44e0e2fa8bfbd5f5927acc0698 /* ofxUILabelToggle.cpp */,
				6248640c06b47042bb5bd3f21e730c74 /* ofxUILabelToggle.h */,
				2be7216430113f333b8351edf98dc767 /* ofxUIMinimalSlider.cpp */,
				ccec29a4351c40ba86f2e491c8c90bff /* ofxUIMinimalSlider.h */,
				7965ee214e4c332003852642d442b45e /* ofxUIMovingGraph.cpp */,
				5c48e3511951bb86fa9aa6420fa60cf9 /* ofxUIMovingGraph.h */,
				17e06821fb98542fdb806e5097492a6c /* ofxUIMultiImageButton.cpp */,
				bc6931447de6c359dddf21f174e83978 /* ofxUIMultiImageButton.h */,
				1c5ed4467dff0ac3482e936280e244e6 /* ofxUIMultiImageToggle.cpp */,
				1902452f5e510a2dbc1e5bd6d62db983 /* ofxUIMultiImageToggle.h */,
				0d6768c572b6ca49227c29ea7210d799 /* ofxUINumberDialer.cpp */,
				15c99204ff4d8d72ad034b63f410265d /* ofxUINumberDialer.h */,
				334840ca6b3402c8c30cac4e645376bb /* ofxUIOFWrapper.h */,
				9d33a3e929b0b5d9c002e30e1d0f5548 /* ofxUIRadio.cpp */,
				4c9b919b991b4e45bc5dc0dbf09c9904 /* ofxUIRadio.h */,
				e2813e36cefd8d1c1b70e600d08da67d /* ofxUIRangeSlider.cpp */,
				856bf5ab0322d0689ee63829f6f27a37 /* ofxUIRangeSlider.h */,
				828edf7f6c239ea7b17f32f0246ea989 /* ofxUIRectangle.cpp */,
				1e29c7e8c47e3e2db1c5876646df436b /* ofxUIRectangle.h */,
				64f3de24f191eced9dbe903c6eff78f1 /* ofxUIRotarySlider.cpp */,
				885850b62fad08eb1d2f0bf4a56e5e01 /* ofxUIRotarySlider.h */,
				bfd3387aa9efa53e1b4f087b3fdfa1d3 /* ofxUIScrollableCanvas.cpp */,
				c38d6dcc3ab9aae213a64015b75adbd4 /* ofxUIScrollableCanvas.h */,
				0de8b77977749c1835a9472b57301c75 /* ofxUISlider.cpp */,
				470b5d2ac2f616d10b2e6025718527c8 /* ofxUISlider.h */,
				5613d5d24b00d8ad909f7e6a0160f199 /* ofxUISortableList.cpp */,
				e88f5d4d5e360fa5b5c8f99eb5f5d7ef /* ofxUISortableList.h */,
				30cbaaec78a0e9ebbb10a05aaeee8f99 /* ofxUISpacer.cpp */,
				c7b4b8ad9464a693a3683d0fd1a7b1fb /* ofxUISpacer.h */,
				d7177cc1e771e1e857f8cb485d6d543e /* ofxUISpectrum.cpp */,
				c6305369801b450557086284030a4b6b /* ofxUISpectrum.h */,
				38ebd5650a3bf5a499b07525be5fdbc6 /* ofxUISuperCanvas.cpp */,
				1c43cdb79bf40ea7424b96804209f474 /* ofxUISuperCanvas.h */,
				a64b8aa7481267cd4a76c16bbdb9a1c8 /* ofxUITabBar.cpp */,
				d45991c927e805c3b1ad7516589a1122 /* ofxUITabBar.h */,
				dbe31d52bcb0ce44b9d154f0d7a8b9de /* ofxUITextArea.cpp */,
				f9df961b5e7d4c4e1e5d029c1616b439 /* ofxUITextArea.h */,
				06c7032f68d99a145a53cb6f952b704c /* ofxUITextInput.cpp */,
				e65d547c2cd6a84fc9af15fa7ad1992e /* ofxUITextInput.h */,
				48cccea0c681de8b4945111ba096c2ee /* ofxUIToggle.cpp */,
				4117b8c24d49837d3df9c23bd2405bdc /* ofxUIToggle.h */,
				702a2528ca64b397e9b91abe3b10c08c /* ofxUIToggleMatrix.cpp */,
				8178eb9aa3c0268331af3af347ca9d15 /* ofxUIToggleMatrix.h */,
				87035efe3d4427294d4d133810790c85 /* ofxUIUtils.h */,
				4d902d60e5ccfa9f2554bc7ce6624120 /* ofxUIValuePlotter.cpp */,
				d1387f25a47ef6809b55b59c4b916da4 /* ofxUIValuePlotter.h */,
				9345327aa463407b3dadbadea5cf2b5f /* ofxUIWaveform.cpp */,
				fccbdb55b98da36682809f0348522eab /* ofxUIWaveform.h */,
				08a9c84b3ca68561be01ff374b226dde /* ofxUIWidget.cpp */,
				32bd050a579633adbca5af6b202f651b /* ofxUIWidget.h */,
				23fa31caea236b2c1e218497ca3dac86 /* ofxUIWidgets.h */,
				5ad807d1af254f978ab20b1cf7773e39 /* ofxUIWidgetWithLabel.cpp */,
				02677fa320d6c63b228a7562514b9d55 /* ofxUIWidgetWithLabel.h */,
				5e62d62d32efca8d05ddad1ab8f9ce5d /* ofxUIWrapper.h */,
			);
			name = src;
			sourceTree = "<group>";
		};
		e6d9edd5c9e95accb18ebc8b02569c0c /* settings */ = {
			isa = PBXGroup;
			children = (
				43fafb49740e75cba41938da01fbde58 /* ofxMtlMapping2DSettings.cpp */,
				0c826713b14ea935b4b5333dff2289db /* ofxMtlMapping2DSettings.h */,
			);
			name = settings;
			sourceTree = "<group>";
		};
		f1b1af98b46aa9c30e35e807a64bc0df /* shapes */ = {
			isa = PBXGroup;
			children = (
				d4a5e79c88fd78cd31f1797ec9684ff4 /* ofxMtlMapping2DGrid.cpp */,
				eb3bdb04142a62dfa268e4b3360ffc86 /* ofxMtlMapping2DGrid.h */,
				4b872db9f219747b804991701c493ecc /* ofxMtlMapping2DInput.cpp */,
				2f8c56d003a8cc1606be701c7b9abb97 /* ofxMtlMapping2DInput.h */,
				202458f4516c6d146b56c5525c71a2c5 /* ofxMtlMapping2DMask.cpp */,
				59c71eda6d646b09fa3b2de426440e62 /* ofxMtlMapping2DMask.h */,
				ff3587fe156ada22a38c70b71599c0c4 /* ofxMtlMapping2DPolygon.cpp */,
				962e2f993e40df070654cc5b646f555b /* ofxMtlMapping2DPolygon.h */,
				1bfcc838504e3b231ce3db275e07e5d7 /* ofxMtlMapping2DQuad.cpp */,
				dc8f54ea6bb26b878c871680b7ff7865 /* ofxMtlMapping2DQuad.h */,
				dcc6ff81c73171d478e61a4f5d058e70 /* ofxMtlMapping2DShape.cpp */,
				03889ba1a5e9aa930ad27ed47f8a854c /* ofxMtlMapping2DShape.h */,
				fcdc14fc3a528501f6c2ca59cd45b594 /* ofxMtlMapping2DTriangle.cpp */,
				cbdaae6f1c4086bf0f1b68a88f0b879c /* ofxMtlMapping2DTriangle.h */,
				8a2aaa1e89c19640753cb1806140fdf7 /* ofxMtlMapping2DVertex.cpp */,
				7d33a68d03ebbb0a806f9ab267dc50cd /* ofxMtlMapping2DVertex.h */,
			);
			name = shapes;
			sourceTree = "<group>";
		};
/* End PBXGroup section */

/* Begin PBXNativeTarget section */
		E4B69B5A0A3A1756003C02F2 /* MTLMapper */ = {
			isa = PBXNativeTarget;
			buildConfigurationList = E4B69B5F0A3A1757003C02F2 /* Build configuration list for PBXNativeTarget "MTLMapper" */;
			buildPhases = (
				E4B69B580A3A1756003C02F2 /* Sources */,
				E4B69B590A3A1756003C02F2 /* Frameworks */,
				E4B6FFFD0C3F9AB9008CF71C /* ShellScript */,
				E4C2427710CC5ABF004149E2 /* CopyFiles */,
			);
			buildRules = (
			);
			dependencies = (
				E4EEB9AC138B136A00A80321 /* PBXTargetDependency */,
			);
			name = MTLMapper;
			productName = myOFApp;
			productReference = E4B69B5B0A3A1756003C02F2 /* MTLMapperDebug.app */;
			productType = "com.apple.product-type.application";
		};
/* End PBXNativeTarget section */

/* Begin PBXProject section */
		E4B69B4C0A3A1720003C02F2 /* Project object */ = {
			isa = PBXProject;
			attributes = {
				LastUpgradeCheck = 0460;
			};
			buildConfigurationList = E4B69B4D0A3A1720003C02F2 /* Build configuration list for PBXProject "MTLMapper" */;
			compatibilityVersion = "Xcode 3.2";
			developmentRegion = English;
			hasScannedForEncodings = 0;
			knownRegions = (
				English,
				Japanese,
				French,
				German,
			);
			mainGroup = E4B69B4A0A3A1720003C02F2;
			productRefGroup = E4B69B4A0A3A1720003C02F2;
			projectDirPath = "";
			projectReferences = (
				{
					ProductGroup = E4328144138ABC890047C5CB /* Products */;
					ProjectRef = E4328143138ABC890047C5CB /* openFrameworksLib.xcodeproj */;
				},
			);
			projectRoot = "";
			targets = (
				E4B69B5A0A3A1756003C02F2 /* MTLMapper */,
			);
		};
/* End PBXProject section */

/* Begin PBXReferenceProxy section */
		E4328148138ABC890047C5CB /* openFrameworksDebug.a */ = {
			isa = PBXReferenceProxy;
			fileType = archive.ar;
			path = openFrameworksDebug.a;
			remoteRef = E4328147138ABC890047C5CB /* PBXContainerItemProxy */;
			sourceTree = BUILT_PRODUCTS_DIR;
		};
/* End PBXReferenceProxy section */

/* Begin PBXShellScriptBuildPhase section */
		E4B6FFFD0C3F9AB9008CF71C /* ShellScript */ = {
			isa = PBXShellScriptBuildPhase;
			buildActionMask = 2147483647;
			files = (
			);
			inputPaths = (
			);
			outputPaths = (
			);
			runOnlyForDeploymentPostprocessing = 0;
			shellPath = /bin/sh;
			shellScript = "cp -f ../../../libs/fmodex/lib/osx/libfmodex.dylib \"$TARGET_BUILD_DIR/$PRODUCT_NAME.app/Contents/MacOS/libfmodex.dylib\"; install_name_tool -change ./libfmodex.dylib @executable_path/libfmodex.dylib \"$TARGET_BUILD_DIR/$PRODUCT_NAME.app/Contents/MacOS/$PRODUCT_NAME\";\nmkdir -p \"$TARGET_BUILD_DIR/$PRODUCT_NAME.app/Contents/Resources/\"\ncp -f \"$ICON_FILE\" \"$TARGET_BUILD_DIR/$PRODUCT_NAME.app/Contents/Resources/\"\n";
		};
/* End PBXShellScriptBuildPhase section */

/* Begin PBXSourcesBuildPhase section */
		E4B69B580A3A1756003C02F2 /* Sources */ = {
			isa = PBXSourcesBuildPhase;
			buildActionMask = 2147483647;
			files = (
				F3163BF219018F7700940C04 /* ofxSyphonServerDirectory.mm in Sources */,
				E4B69E200A3A1BDC003C02F2 /* main.cpp in Sources */,
				E4B69E210A3A1BDC003C02F2 /* ofApp.cpp in Sources */,
				63b57ac5bf4ef088491e0317dbb2ecaa /* ofxXmlSettings.cpp in Sources */,
				933a2227713c720ceff80fd967d0a8ee /* tinyxml.cpp in Sources */,
				9d44dc88ef9e7991b4a09951e2e4769f /* tinyxmlerror.cpp in Sources */,
				5a4349e9754d6fa14c0f2a3a1abc30b6 /* tinyxmlparser.cpp in Sources */,
				5a66da34169be06662283b1783d84fd8 /* ofxDetectDisplays.cpp in Sources */,
				97a4b157e763fe5e0f238536f45babb0 /* ofxMtlMapping2DControls.cpp in Sources */,
				aa8d332b7c6c2bedc9d6629a06a55d9f /* ofxMtlMapping2D.cpp in Sources */,
				F37CE366190BFC8F008ECCE9 /* ofxAVFVideoPlayer.mm in Sources */,
				a78c7afe06bfdeab8407ff2b1aad0a5a /* ofxMtlMapping2DGlobal.cpp in Sources */,
				F37CE367190BFC8F008ECCE9 /* ofxAVFVideoRenderer.m in Sources */,
				31916620a6066b8e28601e602baa2d86 /* ofxMtlMapping2DShapes.cpp in Sources */,
				4741a6add41744b30cbb5f4a95457aab /* ofxMtlMapping2DSettings.cpp in Sources */,
				a00d8e59f7ee92552582023e953eedbc /* ofxMtlMapping2DGrid.cpp in Sources */,
				b111be7d309d33d83e46510d2db12762 /* ofxMtlMapping2DInput.cpp in Sources */,
				28f33f9a5b5654107019e0c925590487 /* ofxMtlMapping2DMask.cpp in Sources */,
				F3163BF119018F7700940C04 /* ofxSyphonServer.mm in Sources */,
				005e77ffda7fc26a39806fb2e7a0b703 /* ofxMtlMapping2DPolygon.cpp in Sources */,
				F3E9AD3F1954C2BA003BA1E8 /* ofxExtraWindow.cpp in Sources */,
				9c42fe6e95b76670a0f08d5fe6c1d5c2 /* ofxMtlMapping2DQuad.cpp in Sources */,
				3244e5049d3dacbe7b2a8e30af95389b /* ofxMtlMapping2DShape.cpp in Sources */,
				42c085d818a6a913503322f3a6a608a5 /* ofxMtlMapping2DTriangle.cpp in Sources */,
				762009780d236f550729d23ba5b2cb3b /* ofxMtlMapping2DVertex.cpp in Sources */,
				9f5c6dd965b4f3a6db5b88f87eccedae /* ofxUI2DGraph.cpp in Sources */,
				4b3ed367ca852d522e2ee996fd98484a /* ofxUI2DPad.cpp in Sources */,
				f1e8de8734ba6f69a5112fa8842e54b0 /* ofxUIBaseDraws.cpp in Sources */,
				c381f2b7cfd84c0e540eb4bc733a62e4 /* ofxUIBiLabelSlider.cpp in Sources */,
				7d393646fb859a930ef589179728182f /* ofxUIButton.cpp in Sources */,
				7be46522b64e24faede1a25d93f6298e /* ofxUICanvas.cpp in Sources */,
				df0c851b244c4c867cea8806a6cdddab /* ofxUICircleSlider.cpp in Sources */,
				9be4ae0aa2b8c436bdfe9d4d6ad0b03d /* ofxUIDragableLabelButton.cpp in Sources */,
				f392a99d83698fc09912788025e19c5d /* ofxUIDropDownList.cpp in Sources */,
				084025da517d8329301fe1b62b99dfa0 /* ofxUIEventArgs.cpp in Sources */,
				7252706da14c1be63950adda6d4d0967 /* ofxUIFPS.cpp in Sources */,
				22030cbdcc25d815e7ed6757c2507f08 /* ofxUIFPSSlider.cpp in Sources */,
				F3163BF019018F7700940C04 /* ofxSyphonClient.mm in Sources */,
				3d4ea8e172d3e4a30fefa969797f0789 /* ofxUIImage.cpp in Sources */,
				7f2cd93f681f3c1547b3bf2cda37f2c3 /* ofxUIImageButton.cpp in Sources */,
				fbd0cd0afe3849c14e829caf7e0e3be7 /* ofxUIImageSampler.cpp in Sources */,
				26874b150c8535aea0f24c8cd56cf117 /* ofxUIImageSlider.cpp in Sources */,
				F3163BEF19018F7700940C04 /* SyphonNameboundClient.m in Sources */,
				F3C7C78718CFADD2002DD9BE /* ofxMSAInteractiveObject.cpp in Sources */,
				fb8aa9fa6535767be31806bc88df3167 /* ofxUIImageToggle.cpp in Sources */,
				7c3dc84c9bfcbd2866db2b6c92bca892 /* ofxUILabel.cpp in Sources */,
				ffd1ebfca24dfb4e4427b4fe929ae1ab /* ofxUILabelButton.cpp in Sources */,
				c30b3a2a37f8f32ee73187189cd6fb94 /* ofxUILabelToggle.cpp in Sources */,
				9a83d1b3fb64456bc907667ffbe9b65f /* ofxUIMinimalSlider.cpp in Sources */,
				f440b307990f8f5ce40b91110219006d /* ofxUIMovingGraph.cpp in Sources */,
				222c3ab10fa3158602718602300bb16f /* ofxUIMultiImageButton.cpp in Sources */,
				f9c20834354acc8337320b8c62c659b1 /* ofxUIMultiImageToggle.cpp in Sources */,
				e3d59a6b55f05669b3fbf8bdc16d4877 /* ofxUINumberDialer.cpp in Sources */,
				d60e54e7fd6e19bc8636e0d23de045dc /* ofxUIRadio.cpp in Sources */,
				1587708e3cac72997e43504ee41595b3 /* ofxUIRangeSlider.cpp in Sources */,
				59c5f2f5d7254c33c00f97cb71034643 /* ofxUIRectangle.cpp in Sources */,
				fe0f1db69accd163e9da2a15f72c9129 /* ofxUIRotarySlider.cpp in Sources */,
				43badbb2fe0f17d34b57a705622bd4a2 /* ofxUIScrollableCanvas.cpp in Sources */,
				740a58cbfdfe578c83a349afda24a0fe /* ofxUISlider.cpp in Sources */,
				ade7c2afc51e3f7e5e3890264322a001 /* ofxUISortableList.cpp in Sources */,
				bfefce32dafe10a8eb519f6c334204d2 /* ofxUISpacer.cpp in Sources */,
				52aff80a869790144accc9baec2cfca4 /* ofxUISpectrum.cpp in Sources */,
				1daac3fb4b98b08ae63f46877fad709d /* ofxUISuperCanvas.cpp in Sources */,
				5ae95adb5549701423b6da481fb20e6f /* ofxUITabBar.cpp in Sources */,
				c961be22ab9a8ccf037fc18f5bdc5491 /* ofxUITextArea.cpp in Sources */,
				f8d05f7c7f785ce323983b47e137110b /* ofxUITextInput.cpp in Sources */,
				04c82720b149ce576b8cbb06ac6d40d2 /* ofxUIToggle.cpp in Sources */,
				e3a1109f67d711d6c256031e9b907021 /* ofxUIToggleMatrix.cpp in Sources */,
				60012c723b05938a3d38833536981664 /* ofxUIValuePlotter.cpp in Sources */,
				ae281bebf3a00f1fc37f3da0ac10fa4d /* ofxUIWaveform.cpp in Sources */,
				82845e1f8c90e1f5a99d98683a1ff0c2 /* ofxUIWidget.cpp in Sources */,
				ce5d89b9893eaa12f511dcac13d6f351 /* ofxUIWidgetWithLabel.cpp in Sources */,
			);
			runOnlyForDeploymentPostprocessing = 0;
		};
/* End PBXSourcesBuildPhase section */

/* Begin PBXTargetDependency section */
		E4EEB9AC138B136A00A80321 /* PBXTargetDependency */ = {
			isa = PBXTargetDependency;
			name = openFrameworks;
			targetProxy = E4EEB9AB138B136A00A80321 /* PBXContainerItemProxy */;
		};
/* End PBXTargetDependency section */

/* Begin XCBuildConfiguration section */
		E4B69B4E0A3A1720003C02F2 /* Debug */ = {
			isa = XCBuildConfiguration;
			baseConfigurationReference = E4EB6923138AFD0F00A09F29 /* Project.xcconfig */;
			buildSettings = {
				ARCHS = "$(NATIVE_ARCH)";
				CLANG_CXX_LIBRARY = "libstdc++";
				CONFIGURATION_BUILD_DIR = "$(SRCROOT)/bin/";
				COPY_PHASE_STRIP = NO;
				DEAD_CODE_STRIPPING = YES;
				GCC_AUTO_VECTORIZATION = YES;
				GCC_ENABLE_SSE3_EXTENSIONS = YES;
				GCC_ENABLE_SUPPLEMENTAL_SSE3_INSTRUCTIONS = YES;
				GCC_INLINES_ARE_PRIVATE_EXTERN = NO;
				GCC_OPTIMIZATION_LEVEL = 0;
				GCC_SYMBOLS_PRIVATE_EXTERN = NO;
				GCC_WARN_ABOUT_DEPRECATED_FUNCTIONS = YES;
				GCC_WARN_ABOUT_INVALID_OFFSETOF_MACRO = NO;
				GCC_WARN_ALLOW_INCOMPLETE_PROTOCOL = NO;
				GCC_WARN_UNINITIALIZED_AUTOS = NO;
				GCC_WARN_UNUSED_VALUE = NO;
				GCC_WARN_UNUSED_VARIABLE = NO;
				HEADER_SEARCH_PATHS = (
					"$(OF_CORE_HEADERS)",
					../../../addons/ofxXmlSettings/libs,
					../../../addons/ofxXmlSettings/src,
					../../../addons/ofxDetectDisplays/libs,
					../../../addons/ofxDetectDisplays/src,
					../../../addons/ofxMtlMapping2D/libs,
					../../../addons/ofxMtlMapping2D/src,
					../../../addons/ofxMtlMapping2D/src/controls,
					../../../addons/ofxMtlMapping2D/src/settings,
					../../../addons/ofxMtlMapping2D/src/shapes,
					../../../addons/ofxMtlMapping2D/src/utils,
					../../../addons/ofxMtlMapping2D/src/utils/homography,
					../../../addons/ofxUI/libs,
					../../../addons/ofxUI/src,
				);
				MACOSX_DEPLOYMENT_TARGET = 10.6;
				OTHER_CPLUSPLUSFLAGS = (
					"-D__MACOSX_CORE__",
					"-lpthread",
					"-mtune=native",
				);
				SDKROOT = macosx;
			};
			name = Debug;
		};
		E4B69B4F0A3A1720003C02F2 /* Release */ = {
			isa = XCBuildConfiguration;
			baseConfigurationReference = E4EB6923138AFD0F00A09F29 /* Project.xcconfig */;
			buildSettings = {
				ARCHS = "$(NATIVE_ARCH)";
				CLANG_CXX_LIBRARY = "libstdc++";
				CONFIGURATION_BUILD_DIR = "$(SRCROOT)/bin/";
				COPY_PHASE_STRIP = YES;
				DEAD_CODE_STRIPPING = YES;
				GCC_AUTO_VECTORIZATION = YES;
				GCC_ENABLE_SSE3_EXTENSIONS = YES;
				GCC_ENABLE_SUPPLEMENTAL_SSE3_INSTRUCTIONS = YES;
				GCC_INLINES_ARE_PRIVATE_EXTERN = NO;
				GCC_OPTIMIZATION_LEVEL = 3;
				GCC_SYMBOLS_PRIVATE_EXTERN = NO;
				GCC_UNROLL_LOOPS = YES;
				GCC_WARN_ABOUT_DEPRECATED_FUNCTIONS = YES;
				GCC_WARN_ABOUT_INVALID_OFFSETOF_MACRO = NO;
				GCC_WARN_ALLOW_INCOMPLETE_PROTOCOL = NO;
				GCC_WARN_UNINITIALIZED_AUTOS = NO;
				GCC_WARN_UNUSED_VALUE = NO;
				GCC_WARN_UNUSED_VARIABLE = NO;
				HEADER_SEARCH_PATHS = (
					"$(OF_CORE_HEADERS)",
					../../../addons/ofxXmlSettings/libs,
					../../../addons/ofxXmlSettings/src,
					../../../addons/ofxDetectDisplays/libs,
					../../../addons/ofxDetectDisplays/src,
					../../../addons/ofxMtlMapping2D/libs,
					../../../addons/ofxMtlMapping2D/src,
					../../../addons/ofxMtlMapping2D/src/controls,
					../../../addons/ofxMtlMapping2D/src/settings,
					../../../addons/ofxMtlMapping2D/src/shapes,
					../../../addons/ofxMtlMapping2D/src/utils,
					../../../addons/ofxMtlMapping2D/src/utils/homography,
					../../../addons/ofxUI/libs,
					../../../addons/ofxUI/src,
				);
				MACOSX_DEPLOYMENT_TARGET = 10.6;
				OTHER_CPLUSPLUSFLAGS = (
					"-D__MACOSX_CORE__",
					"-lpthread",
					"-mtune=native",
				);
				SDKROOT = macosx;
			};
			name = Release;
		};
		E4B69B600A3A1757003C02F2 /* Debug */ = {
			isa = XCBuildConfiguration;
			buildSettings = {
				ARCHS = "$(ARCHS_STANDARD_32_BIT)";
				COMBINE_HIDPI_IMAGES = YES;
				COPY_PHASE_STRIP = NO;
				FRAMEWORK_SEARCH_PATHS = (
					"$(inherited)",
					"$(FRAMEWORK_SEARCH_PATHS_QUOTED_FOR_TARGET_1)",
					/Users/hugues/Development/openFrameworks/addons/ofxSyphon/libs/Syphon/lib/osx,
				);
				FRAMEWORK_SEARCH_PATHS_QUOTED_FOR_TARGET_1 = "\"$(SRCROOT)/../../../libs/glut/lib/osx\"";
				GCC_DYNAMIC_NO_PIC = NO;
				GCC_GENERATE_DEBUGGING_SYMBOLS = YES;
				GCC_MODEL_TUNING = NONE;
				ICON = "$(ICON_NAME_DEBUG)";
				ICON_FILE = "$(ICON_FILE_PATH)$(ICON)";
				INFOPLIST_FILE = "openFrameworks-Info.plist";
				INSTALL_PATH = "$(HOME)/Applications";
				LIBRARY_SEARCH_PATHS = (
					"$(inherited)",
					"$(LIBRARY_SEARCH_PATHS_QUOTED_FOR_TARGET_1)",
					"$(LIBRARY_SEARCH_PATHS_QUOTED_FOR_TARGET_2)",
					"$(LIBRARY_SEARCH_PATHS_QUOTED_FOR_TARGET_3)",
					"$(LIBRARY_SEARCH_PATHS_QUOTED_FOR_TARGET_4)",
					"$(LIBRARY_SEARCH_PATHS_QUOTED_FOR_TARGET_5)",
					"$(LIBRARY_SEARCH_PATHS_QUOTED_FOR_TARGET_6)",
					"$(LIBRARY_SEARCH_PATHS_QUOTED_FOR_TARGET_7)",
					"$(LIBRARY_SEARCH_PATHS_QUOTED_FOR_TARGET_8)",
					"$(LIBRARY_SEARCH_PATHS_QUOTED_FOR_TARGET_9)",
					"$(LIBRARY_SEARCH_PATHS_QUOTED_FOR_TARGET_10)",
					"$(LIBRARY_SEARCH_PATHS_QUOTED_FOR_TARGET_11)",
					"$(LIBRARY_SEARCH_PATHS_QUOTED_FOR_TARGET_12)",
					"$(LIBRARY_SEARCH_PATHS_QUOTED_FOR_TARGET_13)",
					"$(LIBRARY_SEARCH_PATHS_QUOTED_FOR_TARGET_14)",
					"$(LIBRARY_SEARCH_PATHS_QUOTED_FOR_TARGET_15)",
					"$(LIBRARY_SEARCH_PATHS_QUOTED_FOR_TARGET_2)",
					"$(LIBRARY_SEARCH_PATHS_QUOTED_FOR_TARGET_3)",
					"$(LIBRARY_SEARCH_PATHS_QUOTED_FOR_TARGET_7)",
					"$(LIBRARY_SEARCH_PATHS_QUOTED_FOR_TARGET_8)",
					"$(LIBRARY_SEARCH_PATHS_QUOTED_FOR_TARGET_9)",
					"$(LIBRARY_SEARCH_PATHS_QUOTED_FOR_TARGET_10)",
					"$(LIBRARY_SEARCH_PATHS_QUOTED_FOR_TARGET_11)",
					"$(LIBRARY_SEARCH_PATHS_QUOTED_FOR_TARGET_12)",
					"$(LIBRARY_SEARCH_PATHS_QUOTED_FOR_TARGET_13)",
					"$(LIBRARY_SEARCH_PATHS_QUOTED_FOR_TARGET_16)",
					"$(LIBRARY_SEARCH_PATHS_QUOTED_FOR_TARGET_17)",
					"$(LIBRARY_SEARCH_PATHS_QUOTED_FOR_TARGET_18)",
					"$(LIBRARY_SEARCH_PATHS_QUOTED_FOR_TARGET_19)",
					"$(LIBRARY_SEARCH_PATHS_QUOTED_FOR_TARGET_20)",
					"$(LIBRARY_SEARCH_PATHS_QUOTED_FOR_TARGET_21)",
					"$(LIBRARY_SEARCH_PATHS_QUOTED_FOR_TARGET_22)",
					"$(LIBRARY_SEARCH_PATHS_QUOTED_FOR_TARGET_23)",
					"$(LIBRARY_SEARCH_PATHS_QUOTED_FOR_TARGET_24)",
					"$(LIBRARY_SEARCH_PATHS_QUOTED_FOR_TARGET_25)",
					"$(LIBRARY_SEARCH_PATHS_QUOTED_FOR_TARGET_26)",
					"$(LIBRARY_SEARCH_PATHS_QUOTED_FOR_TARGET_27)",
					"$(LIBRARY_SEARCH_PATHS_QUOTED_FOR_TARGET_28)",
					"$(LIBRARY_SEARCH_PATHS_QUOTED_FOR_TARGET_29)",
					"$(LIBRARY_SEARCH_PATHS_QUOTED_FOR_TARGET_30)",
					"$(LIBRARY_SEARCH_PATHS_QUOTED_FOR_TARGET_31)",
					"$(LIBRARY_SEARCH_PATHS_QUOTED_FOR_TARGET_32)",
					"$(LIBRARY_SEARCH_PATHS_QUOTED_FOR_TARGET_33)",
					"$(LIBRARY_SEARCH_PATHS_QUOTED_FOR_TARGET_34)",
					"$(LIBRARY_SEARCH_PATHS_QUOTED_FOR_TARGET_35)",
					"$(LIBRARY_SEARCH_PATHS_QUOTED_FOR_TARGET_36)",
					"$(LIBRARY_SEARCH_PATHS_QUOTED_FOR_TARGET_37)",
					"$(LIBRARY_SEARCH_PATHS_QUOTED_FOR_TARGET_38)",
					"$(LIBRARY_SEARCH_PATHS_QUOTED_FOR_TARGET_39)",
					"$(LIBRARY_SEARCH_PATHS_QUOTED_FOR_TARGET_40)",
					"$(LIBRARY_SEARCH_PATHS_QUOTED_FOR_TARGET_41)",
					"$(LIBRARY_SEARCH_PATHS_QUOTED_FOR_TARGET_42)",
					"$(LIBRARY_SEARCH_PATHS_QUOTED_FOR_TARGET_43)",
					"$(LIBRARY_SEARCH_PATHS_QUOTED_FOR_TARGET_44)",
					"$(LIBRARY_SEARCH_PATHS_QUOTED_FOR_TARGET_45)",
					"$(LIBRARY_SEARCH_PATHS_QUOTED_FOR_TARGET_46)",
					"$(LIBRARY_SEARCH_PATHS_QUOTED_FOR_TARGET_47)",
					"$(LIBRARY_SEARCH_PATHS_QUOTED_FOR_TARGET_48)",
					"$(LIBRARY_SEARCH_PATHS_QUOTED_FOR_TARGET_49)",
					"$(LIBRARY_SEARCH_PATHS_QUOTED_FOR_TARGET_50)",
					"$(LIBRARY_SEARCH_PATHS_QUOTED_FOR_TARGET_51)",
					"$(LIBRARY_SEARCH_PATHS_QUOTED_FOR_TARGET_52)",
				);
				MACOSX_DEPLOYMENT_TARGET = 10.8;
				PRODUCT_NAME = MTLMapperDebug;
				WRAPPER_EXTENSION = app;
			};
			name = Debug;
		};
		E4B69B610A3A1757003C02F2 /* Release */ = {
			isa = XCBuildConfiguration;
			buildSettings = {
				ARCHS = "$(ARCHS_STANDARD_32_BIT)";
				COMBINE_HIDPI_IMAGES = YES;
				COPY_PHASE_STRIP = YES;
				FRAMEWORK_SEARCH_PATHS = (
					"$(inherited)",
					"$(FRAMEWORK_SEARCH_PATHS_QUOTED_FOR_TARGET_1)",
					/Users/hugues/Development/openFrameworks/addons/ofxSyphon/libs/Syphon/lib/osx,
				);
				FRAMEWORK_SEARCH_PATHS_QUOTED_FOR_TARGET_1 = "\"$(SRCROOT)/../../../libs/glut/lib/osx\"";
				GCC_GENERATE_DEBUGGING_SYMBOLS = YES;
				GCC_MODEL_TUNING = NONE;
				ICON = "$(ICON_NAME_RELEASE)";
				ICON_FILE = "$(ICON_FILE_PATH)$(ICON)";
				INFOPLIST_FILE = "openFrameworks-Info.plist";
				INSTALL_PATH = "$(HOME)/Applications";
				LIBRARY_SEARCH_PATHS = (
					"$(inherited)",
					"$(LIBRARY_SEARCH_PATHS_QUOTED_FOR_TARGET_1)",
					"$(LIBRARY_SEARCH_PATHS_QUOTED_FOR_TARGET_2)",
					"$(LIBRARY_SEARCH_PATHS_QUOTED_FOR_TARGET_3)",
					"$(LIBRARY_SEARCH_PATHS_QUOTED_FOR_TARGET_4)",
					"$(LIBRARY_SEARCH_PATHS_QUOTED_FOR_TARGET_5)",
					"$(LIBRARY_SEARCH_PATHS_QUOTED_FOR_TARGET_6)",
					"$(LIBRARY_SEARCH_PATHS_QUOTED_FOR_TARGET_7)",
					"$(LIBRARY_SEARCH_PATHS_QUOTED_FOR_TARGET_8)",
					"$(LIBRARY_SEARCH_PATHS_QUOTED_FOR_TARGET_9)",
					"$(LIBRARY_SEARCH_PATHS_QUOTED_FOR_TARGET_10)",
					"$(LIBRARY_SEARCH_PATHS_QUOTED_FOR_TARGET_11)",
					"$(LIBRARY_SEARCH_PATHS_QUOTED_FOR_TARGET_12)",
					"$(LIBRARY_SEARCH_PATHS_QUOTED_FOR_TARGET_13)",
					"$(LIBRARY_SEARCH_PATHS_QUOTED_FOR_TARGET_14)",
					"$(LIBRARY_SEARCH_PATHS_QUOTED_FOR_TARGET_15)",
					"$(LIBRARY_SEARCH_PATHS_QUOTED_FOR_TARGET_2)",
					"$(LIBRARY_SEARCH_PATHS_QUOTED_1)",
					"$(LIBRARY_SEARCH_PATHS_QUOTED_FOR_TARGET_3)",
					"$(LIBRARY_SEARCH_PATHS_QUOTED_FOR_TARGET_7)",
					"$(LIBRARY_SEARCH_PATHS_QUOTED_FOR_TARGET_8)",
					"$(LIBRARY_SEARCH_PATHS_QUOTED_FOR_TARGET_9)",
					"$(LIBRARY_SEARCH_PATHS_QUOTED_FOR_TARGET_10)",
					"$(LIBRARY_SEARCH_PATHS_QUOTED_FOR_TARGET_11)",
					"$(LIBRARY_SEARCH_PATHS_QUOTED_FOR_TARGET_12)",
					"$(LIBRARY_SEARCH_PATHS_QUOTED_FOR_TARGET_13)",
					"$(LIBRARY_SEARCH_PATHS_QUOTED_FOR_TARGET_16)",
					"$(LIBRARY_SEARCH_PATHS_QUOTED_FOR_TARGET_17)",
					"$(LIBRARY_SEARCH_PATHS_QUOTED_FOR_TARGET_18)",
					"$(LIBRARY_SEARCH_PATHS_QUOTED_FOR_TARGET_19)",
					"$(LIBRARY_SEARCH_PATHS_QUOTED_FOR_TARGET_20)",
					"$(LIBRARY_SEARCH_PATHS_QUOTED_FOR_TARGET_21)",
					"$(LIBRARY_SEARCH_PATHS_QUOTED_FOR_TARGET_22)",
					"$(LIBRARY_SEARCH_PATHS_QUOTED_FOR_TARGET_23)",
					"$(LIBRARY_SEARCH_PATHS_QUOTED_FOR_TARGET_24)",
					"$(LIBRARY_SEARCH_PATHS_QUOTED_FOR_TARGET_25)",
					"$(LIBRARY_SEARCH_PATHS_QUOTED_FOR_TARGET_26)",
					"$(LIBRARY_SEARCH_PATHS_QUOTED_FOR_TARGET_27)",
					"$(LIBRARY_SEARCH_PATHS_QUOTED_FOR_TARGET_28)",
					"$(LIBRARY_SEARCH_PATHS_QUOTED_FOR_TARGET_29)",
					"$(LIBRARY_SEARCH_PATHS_QUOTED_FOR_TARGET_30)",
					"$(LIBRARY_SEARCH_PATHS_QUOTED_FOR_TARGET_31)",
					"$(LIBRARY_SEARCH_PATHS_QUOTED_FOR_TARGET_32)",
					"$(LIBRARY_SEARCH_PATHS_QUOTED_FOR_TARGET_33)",
					"$(LIBRARY_SEARCH_PATHS_QUOTED_FOR_TARGET_34)",
					"$(LIBRARY_SEARCH_PATHS_QUOTED_FOR_TARGET_35)",
					"$(LIBRARY_SEARCH_PATHS_QUOTED_FOR_TARGET_36)",
					"$(LIBRARY_SEARCH_PATHS_QUOTED_FOR_TARGET_37)",
					"$(LIBRARY_SEARCH_PATHS_QUOTED_FOR_TARGET_38)",
					"$(LIBRARY_SEARCH_PATHS_QUOTED_FOR_TARGET_39)",
					"$(LIBRARY_SEARCH_PATHS_QUOTED_FOR_TARGET_40)",
					"$(LIBRARY_SEARCH_PATHS_QUOTED_FOR_TARGET_41)",
					"$(LIBRARY_SEARCH_PATHS_QUOTED_FOR_TARGET_42)",
					"$(LIBRARY_SEARCH_PATHS_QUOTED_FOR_TARGET_43)",
					"$(LIBRARY_SEARCH_PATHS_QUOTED_FOR_TARGET_44)",
					"$(LIBRARY_SEARCH_PATHS_QUOTED_FOR_TARGET_45)",
					"$(LIBRARY_SEARCH_PATHS_QUOTED_FOR_TARGET_46)",
					"$(LIBRARY_SEARCH_PATHS_QUOTED_FOR_TARGET_47)",
					"$(LIBRARY_SEARCH_PATHS_QUOTED_FOR_TARGET_48)",
					"$(LIBRARY_SEARCH_PATHS_QUOTED_FOR_TARGET_49)",
					"$(LIBRARY_SEARCH_PATHS_QUOTED_FOR_TARGET_50)",
					"$(LIBRARY_SEARCH_PATHS_QUOTED_FOR_TARGET_51)",
				);
				MACOSX_DEPLOYMENT_TARGET = 10.8;
				PRODUCT_NAME = MTLMapper;
				WRAPPER_EXTENSION = app;
			};
			name = Release;
		};
/* End XCBuildConfiguration section */

/* Begin XCConfigurationList section */
		E4B69B4D0A3A1720003C02F2 /* Build configuration list for PBXProject "MTLMapper" */ = {
			isa = XCConfigurationList;
			buildConfigurations = (
				E4B69B4E0A3A1720003C02F2 /* Debug */,
				E4B69B4F0A3A1720003C02F2 /* Release */,
			);
			defaultConfigurationIsVisible = 0;
			defaultConfigurationName = Release;
		};
		E4B69B5F0A3A1757003C02F2 /* Build configuration list for PBXNativeTarget "MTLMapper" */ = {
			isa = XCConfigurationList;
			buildConfigurations = (
				E4B69B600A3A1757003C02F2 /* Debug */,
				E4B69B610A3A1757003C02F2 /* Release */,
			);
			defaultConfigurationIsVisible = 0;
			defaultConfigurationName = Release;
		};
/* End XCConfigurationList section */
	};
	rootObject = E4B69B4C0A3A1720003C02F2 /* Project object */;
}
